{
  "version": 1,
  "dependencies": {
    "net10.0": {
      "Microsoft.Azure.Devices.ProtocolGateway.Core": {
        "type": "Direct",
        "requested": "[2.0.1, )",
        "resolved": "2.0.1",
        "contentHash": "HuP8GwdZhVNdDCguxhDr/JU4Cw6j80iHM7l5zXp3qMP0OBxFH4aDEFINUJpZ9FbqFSdYQeI63e1s8r5BdZ37/g==",
        "dependencies": {
          "DotNetty.Codecs.Mqtt": "0.6.0",
          "DotNetty.Handlers": "0.6.0",
          "Microsoft.Extensions.Configuration": "1.1.1",
          "Microsoft.Extensions.Configuration.Json": "1.1.1",
          "NETStandard.Library": "1.6.1"
        }
      },
      "Microsoft.Extensions.Configuration.Binder": {
        "type": "Direct",
        "requested": "[10.0.0, )",
        "resolved": "10.0.0",
        "contentHash": "tMF9wNh+hlyYDWB8mrFCQHQmWHlRosol1b/N2Jrefy1bFLnuTlgSYmPyHNmz8xVQgs7DpXytBRWxGhG+mSTp0g==",
        "dependencies": {
          "Microsoft.Extensions.Configuration": "10.0.0",
          "Microsoft.Extensions.Configuration.Abstractions": "10.0.0"
        }
      },
      "Antlr4": {
        "type": "Transitive",
        "resolved": "4.6.6",
        "contentHash": "mtHCpallXyZaWd2quDmR/sc7mBf18+nelxakWYpHVc9v0T0zM9SevzhUZxh2PKPsQbEKnDACfYHNJMqKkmTs1g==",
        "dependencies": {
          "Antlr4.CodeGenerator": "4.6.6",
          "Antlr4.Runtime": "4.6.6"
        }
      },
      "Antlr4.CodeGenerator": {
        "type": "Transitive",
        "resolved": "4.6.6",
        "contentHash": "AStoC8SCdU1TUSn5Bh0xZU9rlvaERwXkrgqc1jEFON3e/xBtapCuThYIzgXL9TOignWwHjLxlHH233D+DfH9LA=="
      },
      "Antlr4.Runtime": {
        "type": "Transitive",
        "resolved": "4.6.6",
        "contentHash": "NlbRjkTCidRh1QeWvGfFPKq0sqpPZrAwGaSTV0X2jL8buZxTf9/aQ7PehFAmc7erXLUQ3YMZEVZU86aQwma2+w==",
        "dependencies": {
          "NETStandard.Library": "1.6.0"
        }
      },
      "App.Metrics": {
        "type": "Transitive",
        "resolved": "3.0.0",
        "contentHash": "NV6cjpng/JcjaRQIWgoiuO7mdC98MOalxwL53Fgs0TP3OhR6aEmBcgOIiM97BnTBCA9DNjh1/CLjVqgDr8Mgxg==",
        "dependencies": {
          "App.Metrics.Core": "3.0.0",
          "App.Metrics.Formatters.Json": "3.0.0",
          "NETStandard.Library": "1.6.1"
        }
      },
      "App.Metrics.Abstractions": {
        "type": "Transitive",
        "resolved": "4.3.0",
        "contentHash": "ekSlyVgN6foN6rmwVmRGBr0j5ufgRPsO5f7Md2fc3q44vkBNYpjsRLiUQsIXCSVI3NHorkrZh8aL4eRcLkVDGw==",
        "dependencies": {
          "Microsoft.Bcl.AsyncInterfaces": "1.0.0"
        }
      },
      "App.Metrics.Concurrency": {
        "type": "Transitive",
        "resolved": "4.3.0",
        "contentHash": "otryWX9AR7wLPD49glbxvbYc16pnDOEezHsAtf5oVjhAa/fD+fjhI11MOgzBOjFpkH7z2FLl/gtZ0lwSdNxSag=="
      },
      "App.Metrics.Core": {
        "type": "Transitive",
        "resolved": "4.3.0",
        "contentHash": "HhW4n2fF+WBi6ctCpwsYkKCSeLhG5Y17e31kSkdESNAdPvroI9szlzW3WoY20qsB3bCldrGPPnCN6jXI1t3agA==",
        "dependencies": {
          "App.Metrics.Abstractions": "4.3.0",
          "App.Metrics.Concurrency": "4.3.0",
          "App.Metrics.Formatters.Ascii": "4.3.0"
        }
      },
      "App.Metrics.Formatters.Ascii": {
        "type": "Transitive",
        "resolved": "4.3.0",
        "contentHash": "PPacBFRji8wTGv8rs13fPmAVlOit7CAvkdPkZ6aYgtUa75e0v4fYzwqPcLxokCqdQXW96PpKPfC0VZZeDkgljg==",
        "dependencies": {
          "App.Metrics.Abstractions": "4.3.0"
        }
      },
      "App.Metrics.Formatters.Json": {
        "type": "Transitive",
        "resolved": "3.0.0",
        "contentHash": "8eQQBXtGgEtPRHk7+W3pHrWr+oXqhaYb0wP64zEENAfmjhLL2DKMls6SIndXjHz/lNCiRcZzwNrLjgeq88BM+Q==",
        "dependencies": {
          "App.Metrics.Abstractions": "3.0.0",
          "NETStandard.Library": "1.6.1",
          "Newtonsoft.Json": "12.0.1"
        }
      },
      "App.Metrics.Formatters.Prometheus": {
        "type": "Transitive",
        "resolved": "4.3.0",
        "contentHash": "cVJZX5jiMxt+YytjpbMw52reN47LGL3XsCljzNH9Pb+Op9iSTazc4pa+/fX+FdpbhH/Zt+5hjdYiqOLFol0wGg==",
        "dependencies": {
          "App.Metrics.Core": "4.3.0",
          "protobuf-net": "2.4.0"
        }
      },
      "DotNetty.Buffers": {
        "type": "Transitive",
        "resolved": "0.6.0",
        "contentHash": "MjxoFMdKsSJ5CLKTFHTKYoFUZUvC6VHGx71vPLSflmR/X4dSm57/hVxhsQY3YU6aASeRjqgNiCHn4II+UNOIWQ==",
        "dependencies": {
          "DotNetty.Common": "0.6.0",
          "NETStandard.Library": "1.6.1"
        }
      },
      "DotNetty.Codecs": {
        "type": "Transitive",
        "resolved": "0.6.0",
        "contentHash": "gLAVaII7A4er3ZwUJIAZpynDLsxNr7Acw61OoCDfzIAkcB2L6OJ9jPnKy8YtrtTnJXm0lNod5+7aRJTmaBbT0Q==",
        "dependencies": {
          "DotNetty.Buffers": "0.6.0",
          "DotNetty.Common": "0.6.0",
          "DotNetty.Transport": "0.6.0",
          "NETStandard.Library": "1.6.1"
        }
      },
      "DotNetty.Codecs.Mqtt": {
        "type": "Transitive",
        "resolved": "0.6.0",
        "contentHash": "EzZtHRxdLXE9ASFkcNvbO7CiVp7ldsAEx7gLEP62uo6CxlHn8yYPU7fiPJ4gZHGZFznHevwTD05WhAjEMgBEIw==",
        "dependencies": {
          "DotNetty.Buffers": "0.6.0",
          "DotNetty.Codecs": "0.6.0",
          "DotNetty.Common": "0.6.0",
          "DotNetty.Transport": "0.6.0",
          "NETStandard.Library": "1.6.1"
        }
      },
      "DotNetty.Common": {
        "type": "Transitive",
        "resolved": "0.6.0",
        "contentHash": "aVD0bWoaH+Ou0wOTFzYEs3hrzsckUEkbdweVgwHsk7q0OTPgmPD/QkGxjNqjZ9diUyeGvHzYn7mFQGG5cgbYUA==",
        "dependencies": {
          "Microsoft.Extensions.Logging": "1.1.1",
          "NETStandard.Library": "1.6.1"
        }
      },
      "DotNetty.Handlers": {
        "type": "Transitive",
        "resolved": "0.6.0",
        "contentHash": "LXj49DSk/PzC5r7MkXKpYit4t5DsUNpEw1m899SoV2gGVs9WooYUVyjOhKwyqBUPie4QgkYc6tsgAHNJUmDhbA==",
        "dependencies": {
          "DotNetty.Buffers": "0.6.0",
          "DotNetty.Codecs": "0.6.0",
          "DotNetty.Common": "0.6.0",
          "DotNetty.Transport": "0.6.0",
          "NETStandard.Library": "1.6.1"
        }
      },
      "DotNetty.Transport": {
        "type": "Transitive",
        "resolved": "0.6.0",
        "contentHash": "HLYcbZfLDIVPhtr+x3nv2vvxBxKONWXeP/B1LaXvPeSfdvlOtvoxB0tuv92SaOdqq9NUCjAP59Nn9xofRrt8mA==",
        "dependencies": {
          "DotNetty.Buffers": "0.6.0",
          "DotNetty.Common": "0.6.0",
          "NETStandard.Library": "1.6.1"
        }
      },
      "JetBrains.Annotations": {
        "type": "Transitive",
        "resolved": "2018.3.0",
        "contentHash": "Hbt5edAd7OfnYwsRayYguECzIJ4FUWDGjeEHsmxIgEpBbqZglhpxqjPWnWN/pEQM1HFGojMrR9dsywmC8pPTeQ=="
      },
      "Microsoft.Azure.Amqp": {
        "type": "Transitive",
        "resolved": "2.6.9",
        "contentHash": "5i9XzfqxK1H5IBl+OuOV1jwJdrOvi5RUwsZgVOryZm0GCzcM9NWPNRxzPAbsSeaR2T6+1gGvdT3vR+Vbha6KFQ=="
      },
      "Microsoft.Azure.Devices.Client": {
        "type": "Transitive",
        "resolved": "1.43.0-edgeLts",
        "contentHash": "lmcZUT04unp09ZoY9RdXTHjjsZrKs1oFotyvOlZBpsYD06R0/CTpfjbuk54LOqkH0NDk2lErnPAH/+/FE04fMg==",
        "dependencies": {
          "MQTTnet": "5.1.0.1559",
          "Microsoft.Azure.Amqp": "2.6.9",
          "Microsoft.Azure.Devices.Shared": "1.31.0-edgeLts",
          "Newtonsoft.Json": "13.0.3",
          "System.Configuration.ConfigurationManager": "4.4.1"
        }
      },
      "Microsoft.Azure.Devices.Shared": {
        "type": "Transitive",
        "resolved": "1.31.0-edgeLts",
        "contentHash": "l7s3CZ8BgOGeKX9QwH9z/GusCSwLP/A3SEycPQN4P82YCw7KCuvXDUuVZha1l2qZAzD5bkHBXzoOYWK1HWqr2Q==",
        "dependencies": {
          "Newtonsoft.Json": "13.0.3"
        }
      },
      "Microsoft.Bcl.AsyncInterfaces": {
        "type": "Transitive",
        "resolved": "1.0.0",
        "contentHash": "K63Y4hORbBcKLWH5wnKgzyn7TOfYzevIEwIedQHBIkmkEBA9SCqgvom+XTuE+fAFGvINGkhFItaZ2dvMGdT5iw=="
      },
      "Microsoft.Extensions.Configuration": {
        "type": "Transitive",
        "resolved": "10.0.0",
        "contentHash": "H4SWETCh/cC5L1WtWchHR6LntGk3rDTTznZMssr4cL8IbDmMWBxY+MOGDc/ASnqNolLKPIWHWeuC1ddiL/iNPw==",
        "dependencies": {
          "Microsoft.Extensions.Configuration.Abstractions": "10.0.0",
          "Microsoft.Extensions.Primitives": "10.0.0"
        }
      },
      "Microsoft.Extensions.Configuration.Abstractions": {
        "type": "Transitive",
        "resolved": "10.0.0",
        "contentHash": "d2kDKnCsJvY7mBVhcjPSp9BkJk48DsaHPg5u+Oy4f8XaOqnEedRy/USyvnpHL92wpJ6DrTPy7htppUUzskbCXQ==",
        "dependencies": {
          "Microsoft.Extensions.Primitives": "10.0.0"
        }
      },
      "Microsoft.Extensions.Configuration.FileExtensions": {
        "type": "Transitive",
        "resolved": "1.1.1",
        "contentHash": "phXZGvs8+O8sc0dop4/CfW0AJZbOscsqkw2AM/oItNSuwe5qNMtZlavAiz9pnRLKTP2VqBtI4pYjaDobAgECIA==",
        "dependencies": {
          "Microsoft.Extensions.Configuration": "1.1.1",
          "Microsoft.Extensions.FileProviders.Physical": "1.1.0",
          "NETStandard.Library": "1.6.1"
        }
      },
      "Microsoft.Extensions.Configuration.Json": {
        "type": "Transitive",
        "resolved": "1.1.1",
        "contentHash": "blWKZSsNKtToH5ApwIIbctMTwrGucrTG4nsVSqosgDHm5UawE1I1/jP0UdhbICxPGTv8D+2ruKaqUK7/6In1qQ==",
        "dependencies": {
          "Microsoft.Extensions.Configuration": "1.1.1",
          "Microsoft.Extensions.Configuration.FileExtensions": "1.1.1",
          "NETStandard.Library": "1.6.1",
          "Newtonsoft.Json": "9.0.1"
        }
      },
      "Microsoft.Extensions.DependencyInjection": {
        "type": "Transitive",
        "resolved": "10.0.0",
        "contentHash": "f0RBabswJq+gRu5a+hWIobrLWiUYPKMhCD9WO3sYBAdSy3FFH14LMvLVFZc2kPSCimBLxSuitUhsd6tb0TAY6A==",
        "dependencies": {
          "Microsoft.Extensions.DependencyInjection.Abstractions": "10.0.0"
        }
      },
      "Microsoft.Extensions.DependencyInjection.Abstractions": {
        "type": "Transitive",
        "resolved": "10.0.0",
        "contentHash": "L3AdmZ1WOK4XXT5YFPEwyt0ep6l8lGIPs7F5OOBZc77Zqeo01Of7XXICy47628sdVl0v/owxYJTe86DTgFwKCA=="
      },
      "Microsoft.Extensions.FileProviders.Abstractions": {
        "type": "Transitive",
        "resolved": "1.1.0",
        "contentHash": "TBG5/xsMSOJ9hrit5TcM6Ipn+3/cgBs5tywXHun+L+8w1WYal13AMac2ziwPRY/PQqC4oG88Hw9hwIEj95xdGw==",
        "dependencies": {
          "Microsoft.Extensions.Primitives": "1.1.0",
          "NETStandard.Library": "1.6.1"
        }
      },
      "Microsoft.Extensions.FileProviders.Physical": {
        "type": "Transitive",
        "resolved": "1.1.0",
        "contentHash": "ckyGwMGd4v1nE70wZ7ytax+Ef9WHQ6IcE4apLYG4um6Dfcw/Y6QJY0Fcv3Ck9WK/Uj0YMxHnNCZH6MBp6boeEw==",
        "dependencies": {
          "Microsoft.Extensions.FileProviders.Abstractions": "1.1.0",
          "Microsoft.Extensions.FileSystemGlobbing": "1.1.0",
          "NETStandard.Library": "1.6.1"
        }
      },
      "Microsoft.Extensions.FileSystemGlobbing": {
        "type": "Transitive",
        "resolved": "1.1.0",
        "contentHash": "/NKs5LrUCUARfFbGik/ML5L2YnN33XTf+TUyghjhCzl9HlvLA4l6s3bW+xsbCU0GEmI/MottEEhiDa1dLJJh4A==",
        "dependencies": {
          "NETStandard.Library": "1.6.1"
        }
      },
      "Microsoft.Extensions.Logging": {
        "type": "Transitive",
        "resolved": "10.0.0",
        "contentHash": "BStFkd5CcnEtarlcgYDBcFzGYCuuNMzPs02wN3WBsOFoYIEmYoUdAiU+au6opzoqfTYJsMTW00AeqDdnXH2CvA==",
        "dependencies": {
          "Microsoft.Extensions.DependencyInjection": "10.0.0",
          "Microsoft.Extensions.Logging.Abstractions": "10.0.0",
          "Microsoft.Extensions.Options": "10.0.0"
        }
      },
      "Microsoft.Extensions.Logging.Abstractions": {
        "type": "Transitive",
        "resolved": "10.0.0",
        "contentHash": "FU/IfjDfwaMuKr414SSQNTIti/69bHEMb+QKrskRb26oVqpx3lNFXMjs/RC9ZUuhBhcwDM2BwOgoMw+PZ+beqQ==",
        "dependencies": {
          "Microsoft.Extensions.DependencyInjection.Abstractions": "10.0.0"
        }
      },
      "Microsoft.Extensions.Logging.Configuration": {
        "type": "Transitive",
        "resolved": "10.0.0",
        "contentHash": "j8zcwhS6bYB6FEfaY3nYSgHdpiL2T+/V3xjpHtslVAegyI1JUbB9yAt/BFdvZdsNbY0Udm4xFtvfT/hUwcOOOg==",
        "dependencies": {
          "Microsoft.Extensions.Configuration": "10.0.0",
          "Microsoft.Extensions.Configuration.Abstractions": "10.0.0",
          "Microsoft.Extensions.Configuration.Binder": "10.0.0",
          "Microsoft.Extensions.DependencyInjection.Abstractions": "10.0.0",
          "Microsoft.Extensions.Logging": "10.0.0",
          "Microsoft.Extensions.Logging.Abstractions": "10.0.0",
          "Microsoft.Extensions.Options": "10.0.0",
          "Microsoft.Extensions.Options.ConfigurationExtensions": "10.0.0"
        }
      },
      "Microsoft.Extensions.Logging.Console": {
        "type": "Transitive",
        "resolved": "10.0.0",
        "contentHash": "treWetuksp8LVb09fCJ5zNhNJjyDkqzVm83XxcrlWQnAdXznR140UUXo8PyEPBvFlHhjKhFQZEOP3Sk/ByCvEw==",
        "dependencies": {
          "Microsoft.Extensions.DependencyInjection.Abstractions": "10.0.0",
          "Microsoft.Extensions.Logging": "10.0.0",
          "Microsoft.Extensions.Logging.Abstractions": "10.0.0",
          "Microsoft.Extensions.Logging.Configuration": "10.0.0",
          "Microsoft.Extensions.Options": "10.0.0"
        }
      },
      "Microsoft.Extensions.Options": {
        "type": "Transitive",
        "resolved": "10.0.0",
        "contentHash": "8oCAgXOow5XDrY9HaXX1QmH3ORsyZO/ANVHBlhLyCeWTH5Sg4UuqZeOTWJi6484M+LqSx0RqQXDJtdYy2BNiLQ==",
        "dependencies": {
          "Microsoft.Extensions.DependencyInjection.Abstractions": "10.0.0",
          "Microsoft.Extensions.Primitives": "10.0.0"
        }
      },
      "Microsoft.Extensions.Options.ConfigurationExtensions": {
        "type": "Transitive",
        "resolved": "10.0.0",
        "contentHash": "tL9cSl3maS5FPzp/3MtlZI21ExWhni0nnUCF8HY4npTsINw45n9SNDbkKXBMtFyUFGSsQep25fHIDN4f/Vp3AQ==",
        "dependencies": {
          "Microsoft.Extensions.Configuration.Abstractions": "10.0.0",
          "Microsoft.Extensions.Configuration.Binder": "10.0.0",
          "Microsoft.Extensions.DependencyInjection.Abstractions": "10.0.0",
          "Microsoft.Extensions.Options": "10.0.0",
          "Microsoft.Extensions.Primitives": "10.0.0"
        }
      },
      "Microsoft.Extensions.Primitives": {
        "type": "Transitive",
        "resolved": "10.0.0",
        "contentHash": "inRnbpCS0nwO/RuoZIAqxQUuyjaknOOnCEZB55KSMMjRhl0RQDttSmLSGsUJN3RQ3ocf5NDLFd2mOQViHqMK5w=="
      },
      "Microsoft.NETCore.Platforms": {
        "type": "Transitive",
        "resolved": "2.1.0",
        "contentHash": "ok+RPAtESz/9MUXeIEz6Lv5XAGQsaNmEYXMsgVALj4D7kqC8gveKWXWXbufLySR2fWrwZf8smyN5RmHu0e4BHA=="
      },
      "MQTTnet": {
        "type": "Transitive",
        "resolved": "5.1.0.1559",
        "contentHash": "9mkk0H+76CToIzp9ru5Uj5BuC3P5hQdkhvXM+CLmmTDdZWqajjICCHuUMbDd1yVBt9BWL77Rvzt0A+/PA4WMCA=="
      },
      "NETStandard.Library": {
        "type": "Transitive",
        "resolved": "1.6.1",
        "contentHash": "WcSp3+vP+yHNgS8EV5J7pZ9IRpeDuARBPN28by8zqff1wJQXm26PVU8L3/fYLBJVU7BtDyqNVWq2KlCVvSSR4A==",
        "dependencies": {
          "Microsoft.NETCore.Platforms": "1.1.0"
        }
      },
      "Newtonsoft.Json": {
        "type": "Transitive",
        "resolved": "13.0.3",
        "contentHash": "HrC5BXdl00IP9zeV+0Z848QWPAoCr9P3bDEZguI+gkLcBKAOxix/tLEAAHC+UvDNPv4a2d18lOReHMOagPa+zQ=="
      },
      "Nito.AsyncEx": {
        "type": "Transitive",
        "resolved": "5.0.0",
        "contentHash": "EgeMl8BoaLg6mOXs7MVjl3uqUqZlL0uYti2/G128EA60U9UqoYlF0AMtGOA1/EP+bvrjcvixK8D3MLpwr2dnSw==",
        "dependencies": {
          "Nito.AsyncEx.Context": "5.0.0",
          "Nito.AsyncEx.Coordination": "5.0.0",
          "Nito.AsyncEx.Interop.WaitHandles": "5.0.0",
          "Nito.AsyncEx.Oop": "5.0.0",
          "Nito.AsyncEx.Tasks": "5.0.0",
          "Nito.Cancellation": "1.0.5"
        }
      },
      "Nito.AsyncEx.Context": {
        "type": "Transitive",
        "resolved": "5.0.0",
        "contentHash": "Qnth1Ye+QSLg8P3fSFYzk7ue6oUUHQcKpLitgAig8xRFqTK5W1KTlfxF/Z8Eo0BuqZ17a5fAGtXrdKJsLqivZw==",
        "dependencies": {
          "Nito.AsyncEx.Tasks": "5.0.0"
        }
      },
      "Nito.AsyncEx.Coordination": {
        "type": "Transitive",
        "resolved": "5.0.0",
        "contentHash": "kjauyO8UMo/FGZO/M8TdjXB8ZlBPFOiRN8yakThaGQbYOywazQ0kGZ39SNr2gNNzsTxbZOUudBMYNo+IrtscbA==",
        "dependencies": {
          "Nito.AsyncEx.Tasks": "5.0.0",
          "Nito.Collections.Deque": "1.0.4",
          "Nito.Disposables": "2.0.0"
        }
      },
      "Nito.AsyncEx.Interop.WaitHandles": {
        "type": "Transitive",
        "resolved": "5.0.0",
        "contentHash": "roX7jQ7AAEw3CUq/oRj/ACcN1XtfO6fSbYSAjMtjvacN9pqY7Uq2reBFaosbMaMt16EcW+Xw3PwczKzHdZFPRA==",
        "dependencies": {
          "Nito.AsyncEx.Tasks": "5.0.0"
        }
      },
      "Nito.AsyncEx.Oop": {
        "type": "Transitive",
        "resolved": "5.0.0",
        "contentHash": "SKyHsxzXD8b69tPPgMDh7mgMx7GdaSfJ1h2eNS+z2Z/vHsutXTl1sYLOO30fiIkv1umvI1g8GySvYLpVlpt6yA==",
        "dependencies": {
          "Nito.AsyncEx.Coordination": "5.0.0"
        }
      },
      "Nito.AsyncEx.Tasks": {
        "type": "Transitive",
        "resolved": "5.0.0",
        "contentHash": "ZtvotignafOLteP4oEjVcF3k2L8h73QUCaFpVKWbU+EOlW/I+JGkpMoXIl0rlwPcDmR84RxzggLRUNMaWlOosA==",
        "dependencies": {
          "Nito.Disposables": "2.0.0"
        }
      },
      "Nito.Cancellation": {
        "type": "Transitive",
        "resolved": "1.0.5",
        "contentHash": "/MehN8HvuOgPZsNmqyu0UdPWXCAJVqcy0LEqw1Ch1++ag1h0qPt5YLH+BCIMFDC5UMW/4RzJW2GdRDYg7Vi2yA==",
        "dependencies": {
          "Nito.Disposables": "1.2.3"
        }
      },
      "Nito.Collections.Deque": {
        "type": "Transitive",
        "resolved": "1.0.4",
        "contentHash": "yGDKqCQ61i97MyfEUYG6+ln5vxpx11uA5M9+VV9B7stticbFm19YMI/G9w4AFYVBj5PbPi138P8IovkMFAL0Aw=="
      },
      "Nito.Disposables": {
        "type": "Transitive",
        "resolved": "2.0.0",
        "contentHash": "ExJl/jTjegSLHGcwnmaYaI5xIlrefAsVdeLft7VLtXI2+W5irihiu36LizWvlaUpzY1/llo+YSh09uSHMu2VFw=="
      },
      "prometheus-net": {
        "type": "Transitive",
        "resolved": "3.1.3",
        "contentHash": "gZNREH51/UrfArdwOA6sVNfA1cRFzZwtFrCwy9o4oShYVnmvd0HRQr3QgdG5+F3kedY7aOoJ3ZU0sYTmpuZy1A=="
      },
      "protobuf-net": {
        "type": "Transitive",
        "resolved": "2.4.0",
        "contentHash": "j37MD1p1s9NdX8P5+IaY2J9p2382xiL1VP3mxYu0g+G/kf2YM2grFa1jJPO+0WDJNl1XhNPO0Q5yBEcbX77hBQ==",
        "dependencies": {
          "System.ServiceModel.Primitives": "4.5.3"
        }
      },
      "Serilog": {
        "type": "Transitive",
        "resolved": "2.5.0",
        "contentHash": "JwwkgNYNFKT4kQZ3qBV3VqPgchUg1A6FnlFa9hgyanylwBhJ7eTFl3pgLVxijFEb+oHLImRcMaTsMzBt2AG0aQ=="
      },
      "Serilog.Extensions.Logging": {
        "type": "Transitive",
        "resolved": "2.0.2",
        "contentHash": "PYAkzUn/VV16Es7U06BfEhNZEltnYWu0WFCM4d2lLY/dvlA7xMwFXBuGRxR0XvEBPoOxPorjhFLy9txwiMO6rg==",
        "dependencies": {
          "Microsoft.Extensions.Logging": "2.0.0",
          "Serilog": "2.3.0"
        }
      },
      "Serilog.Sinks.Console": {
        "type": "Transitive",
        "resolved": "3.1.1",
        "contentHash": "56mI5AqvyF/i/c2451nvV71kq370XOCE4Uu5qiaJ295sOhMb9q3BWwG7mWLOVSnmpWiq0SBT3SXfgRXGNP6vzA==",
        "dependencies": {
          "Serilog": "2.5.0"
        }
      },
      "System.Configuration.ConfigurationManager": {
        "type": "Transitive",
        "resolved": "4.4.1",
        "contentHash": "jz3TWKMAeuDEyrPCK5Jyt4bzQcmzUIMcY9Ud6PkElFxTfnsihV+9N/UCqvxe1z5gc7jMYAnj7V1COMS9QKIuHQ==",
        "dependencies": {
          "System.Security.Cryptography.ProtectedData": "4.4.0"
        }
      },
      "System.Private.ServiceModel": {
        "type": "Transitive",
        "resolved": "4.5.3",
        "contentHash": "ancrQgJagx+yC4SZbuE+eShiEAUIF0E1d21TRSoy1C/rTwafAVcBr/fKibkq5TQzyy9uNil2tx2/iaUxsy0S9g==",
        "dependencies": {
          "Microsoft.NETCore.Platforms": "2.1.0"
        }
      },
      "System.Reflection.TypeExtensions": {
        "type": "Transitive",
        "resolved": "4.5.1",
        "contentHash": "fO8GMEkgoKioJ7cglZbhcnBgkCWWn9poS3G2jevS+fuwW9xJXMx7/1kr7dkwOJfo0pWqxLFWVcxlOr+WeK5ipA=="
      },
      "System.Security.Cryptography.ProtectedData": {
        "type": "Transitive",
        "resolved": "4.4.0",
        "contentHash": "cJV7ScGW7EhatRsjehfvvYVBvtiSMKgN8bOVI0bQhnF5bU7vnHVIsH49Kva7i7GWaWYvmEzkYVk1TC+gZYBEog=="
      },
      "System.ServiceModel.Primitives": {
        "type": "Transitive",
        "resolved": "4.5.3",
        "contentHash": "Wc9Hgg4Cmqi416zvEgq2sW1YYCGuhwWzspDclJWlFZqY6EGhFUPZU+kVpl5z9kAgrSOQP7/Uiik+PtSQtmq+5A==",
        "dependencies": {
          "System.Private.ServiceModel": "4.5.3"
        }
      },
      "es6numberserializer": {
        "type": "Project"
      },
      "jsoncanonicalizer": {
        "type": "Project",
        "dependencies": {
          "es6numberserializer": "[1.0.0, )"
        }
      },
      "microsoft.azure.devices.edge.hub.core": {
        "type": "Project",
        "dependencies": {
          "App.Metrics": "[3.0.0, )",
          "JetBrains.Annotations": "[2018.3.0, )",
          "Microsoft.Azure.Devices.Client": "[1.43.0-edgeLts, 1.43.0-edgeLts]",
          "Microsoft.Azure.Devices.Edge.Storage": "[1.0.0, )",
          "Microsoft.Azure.Devices.Edge.Util": "[1.0.0, )",
          "Microsoft.Azure.Devices.Routing.Core": "[1.0.0, )"
        }
      },
      "microsoft.azure.devices.edge.storage": {
        "type": "Project",
        "dependencies": {
          "Microsoft.Azure.Devices.Edge.Util": "[1.0.0, )",
          "protobuf-net": "[2.4.0, )"
        }
      },
      "microsoft.azure.devices.edge.util": {
        "type": "Project",
        "dependencies": {
          "App.Metrics.Formatters.Prometheus": "[4.3.0, )",
          "Microsoft.Extensions.Configuration.Binder": "[10.0.0, )",
          "Microsoft.Extensions.Logging": "[10.0.0, )",
          "Newtonsoft.Json": "[13.0.3, )",
          "Nito.AsyncEx": "[5.0.0, )",
          "Serilog.Extensions.Logging": "[2.0.2, )",
          "Serilog.Sinks.Console": "[3.1.1, )",
          "es6numberserializer": "[1.0.0, )",
          "jsoncanonicalizer": "[1.0.0, )",
          "prometheus-net": "[3.1.3, )"
        }
      },
      "microsoft.azure.devices.routing.core": {
        "type": "Project",
        "dependencies": {
          "Antlr4": "[4.6.6, )",
          "App.Metrics": "[3.0.0, )",
          "Microsoft.Azure.Devices.Edge.Util": "[1.0.0, )",
          "Microsoft.Extensions.Logging.Console": "[10.0.0, )",
          "System.Reflection.TypeExtensions": "[4.5.1, )"
        }
      }
    }
  }
}