{
  "version": 1,
  "dependencies": {
    "net10.0": {
      "Autofac": {
        "type": "Direct",
        "requested": "[9.1.0, )",
        "resolved": "9.1.0",
        "contentHash": "onT/BcnnfWcQNXiuC7R/0h8ALQzRdsAI20gpB7nfrudXpFMXdVZKz1umdtHXDwjc/bmWEsrCBAxck3+Arnk15g=="
      },
      "Autofac.Extensions.DependencyInjection": {
        "type": "Direct",
        "requested": "[11.0.0, )",
        "resolved": "11.0.0",
        "contentHash": "/FSrJyYEsptkV9O3L95dTAoGO6XGSQFDENWHFcHxW0oQIEvW56Mgr01qO53EIEIDDvMFqszBU+uIm9fzGARLPQ==",
        "dependencies": {
          "Autofac": "9.1.0"
        }
      },
      "Microsoft.AspNetCore.Authentication.Certificate": {
        "type": "Direct",
        "requested": "[10.0.5, )",
        "resolved": "10.0.5",
        "contentHash": "Hto536YCXE/bB0W1HiVZQ3cCo7LSbb6cJgyDRiI3k/HAbHy+2yv3V0XHiODvu7r5NSXbjANuH68TRLLg9MoTBg=="
      },
      "Microsoft.AspNetCore.Mvc.NewtonsoftJson": {
        "type": "Direct",
        "requested": "[10.0.5, )",
        "resolved": "10.0.5",
        "contentHash": "WFwm63h4YhVOfEvTeieUGRKUz8nYKSd6mXC1vfqqr7ZW+b8mQBkaxMeAOvA2YFjjgRCKgVC72jhmxjLEDFwC4A==",
        "dependencies": {
          "Microsoft.AspNetCore.JsonPatch": "10.0.5",
          "Newtonsoft.Json": "13.0.3",
          "Newtonsoft.Json.Bson": "1.0.2"
        }
      },
      "prometheus-net": {
        "type": "Direct",
        "requested": "[8.2.1, )",
        "resolved": "8.2.1",
        "contentHash": "3wVgdEPOCBF752s2xps5T+VH+c9mJK8S8GKEDg49084P6JZMumTZI5Te6aJ9MQpX0sx7om6JOnBpIi7ZBmmiDQ=="
      },
      "prometheus-net.AspNetCore": {
        "type": "Direct",
        "requested": "[8.2.1, )",
        "resolved": "8.2.1",
        "contentHash": "/4TfTvbwIDqpaKTiWvEsjUywiHYF9zZvGZF5sK15avoDsUO/WPQbKsF8TiMaesuphdFQPK2z52P0zk6j26V0rQ==",
        "dependencies": {
          "prometheus-net": "8.2.1"
        }
      },
      "StyleCop.Analyzers": {
        "type": "Direct",
        "requested": "[1.2.0-beta.164, )",
        "resolved": "1.2.0-beta.164",
        "contentHash": "IWMH8RyJGDu8ZrYFKIwjfcuXizpJnjnMGE8tDRnZ36AIAQeFDjeUPH2EUEMwj4+63oQBu/KkzRe9clSW9s5mdA==",
        "dependencies": {
          "StyleCop.Analyzers.Unstable": "1.2.0.164"
        }
      },
      "Antlr4": {
        "type": "Transitive",
        "resolved": "4.6.6",
        "contentHash": "mtHCpallXyZaWd2quDmR/sc7mBf18+nelxakWYpHVc9v0T0zM9SevzhUZxh2PKPsQbEKnDACfYHNJMqKkmTs1g==",
        "dependencies": {
          "Antlr4.CodeGenerator": "4.6.6",
          "Antlr4.Runtime": "4.6.6"
        }
      },
      "Antlr4.CodeGenerator": {
        "type": "Transitive",
        "resolved": "4.6.6",
        "contentHash": "AStoC8SCdU1TUSn5Bh0xZU9rlvaERwXkrgqc1jEFON3e/xBtapCuThYIzgXL9TOignWwHjLxlHH233D+DfH9LA=="
      },
      "Antlr4.Runtime": {
        "type": "Transitive",
        "resolved": "4.6.6",
        "contentHash": "NlbRjkTCidRh1QeWvGfFPKq0sqpPZrAwGaSTV0X2jL8buZxTf9/aQ7PehFAmc7erXLUQ3YMZEVZU86aQwma2+w==",
        "dependencies": {
          "NETStandard.Library": "1.6.0"
        }
      },
      "App.Metrics": {
        "type": "Transitive",
        "resolved": "4.3.0",
        "contentHash": "D2eDXyfrl+lXigXsQTv/81JCxUPTjgwsazK5neA3NOg87tNmBpFqeVJppI/qLKyC8yklTU2ekZDFX5hKechu6A==",
        "dependencies": {
          "App.Metrics.Core": "4.3.0",
          "App.Metrics.Formatters.Json": "4.3.0"
        }
      },
      "App.Metrics.Abstractions": {
        "type": "Transitive",
        "resolved": "4.3.0",
        "contentHash": "ekSlyVgN6foN6rmwVmRGBr0j5ufgRPsO5f7Md2fc3q44vkBNYpjsRLiUQsIXCSVI3NHorkrZh8aL4eRcLkVDGw==",
        "dependencies": {
          "Microsoft.Bcl.AsyncInterfaces": "1.0.0"
        }
      },
      "App.Metrics.Concurrency": {
        "type": "Transitive",
        "resolved": "4.3.0",
        "contentHash": "otryWX9AR7wLPD49glbxvbYc16pnDOEezHsAtf5oVjhAa/fD+fjhI11MOgzBOjFpkH7z2FLl/gtZ0lwSdNxSag=="
      },
      "App.Metrics.Core": {
        "type": "Transitive",
        "resolved": "4.3.0",
        "contentHash": "HhW4n2fF+WBi6ctCpwsYkKCSeLhG5Y17e31kSkdESNAdPvroI9szlzW3WoY20qsB3bCldrGPPnCN6jXI1t3agA==",
        "dependencies": {
          "App.Metrics.Abstractions": "4.3.0",
          "App.Metrics.Concurrency": "4.3.0",
          "App.Metrics.Formatters.Ascii": "4.3.0"
        }
      },
      "App.Metrics.Formatters.Ascii": {
        "type": "Transitive",
        "resolved": "4.3.0",
        "contentHash": "PPacBFRji8wTGv8rs13fPmAVlOit7CAvkdPkZ6aYgtUa75e0v4fYzwqPcLxokCqdQXW96PpKPfC0VZZeDkgljg==",
        "dependencies": {
          "App.Metrics.Abstractions": "4.3.0"
        }
      },
      "App.Metrics.Formatters.Json": {
        "type": "Transitive",
        "resolved": "4.3.0",
        "contentHash": "H+4Q407Xa5nuBagooMeh5UAuGHWfKZRsinpwr9dtyV+LZbhAS5yheAAMPY1Xs/g0zzI3zJQJDRy7iX0totAcYA==",
        "dependencies": {
          "App.Metrics.Abstractions": "4.3.0"
        }
      },
      "App.Metrics.Formatters.Prometheus": {
        "type": "Transitive",
        "resolved": "4.3.0",
        "contentHash": "cVJZX5jiMxt+YytjpbMw52reN47LGL3XsCljzNH9Pb+Op9iSTazc4pa+/fX+FdpbhH/Zt+5hjdYiqOLFol0wGg==",
        "dependencies": {
          "App.Metrics.Core": "4.3.0",
          "protobuf-net": "2.4.0"
        }
      },
      "Azure.Core": {
        "type": "Transitive",
        "resolved": "1.31.0",
        "contentHash": "YZlzaVS4XpPPIob934+UFfxvxMWe05PG3FDfwAXZz+MY+ShDJCjMokfrfh18F7VDW5tG0iMbPVjigeL6crGCiQ==",
        "dependencies": {
          "Microsoft.Bcl.AsyncInterfaces": "1.1.1",
          "System.Memory.Data": "1.0.2"
        }
      },
      "DotNetty.Buffers": {
        "type": "Transitive",
        "resolved": "0.6.0",
        "contentHash": "MjxoFMdKsSJ5CLKTFHTKYoFUZUvC6VHGx71vPLSflmR/X4dSm57/hVxhsQY3YU6aASeRjqgNiCHn4II+UNOIWQ==",
        "dependencies": {
          "DotNetty.Common": "0.6.0",
          "NETStandard.Library": "1.6.1"
        }
      },
      "DotNetty.Codecs": {
        "type": "Transitive",
        "resolved": "0.6.0",
        "contentHash": "gLAVaII7A4er3ZwUJIAZpynDLsxNr7Acw61OoCDfzIAkcB2L6OJ9jPnKy8YtrtTnJXm0lNod5+7aRJTmaBbT0Q==",
        "dependencies": {
          "DotNetty.Buffers": "0.6.0",
          "DotNetty.Common": "0.6.0",
          "DotNetty.Transport": "0.6.0",
          "NETStandard.Library": "1.6.1"
        }
      },
      "DotNetty.Codecs.Mqtt": {
        "type": "Transitive",
        "resolved": "0.6.0",
        "contentHash": "EzZtHRxdLXE9ASFkcNvbO7CiVp7ldsAEx7gLEP62uo6CxlHn8yYPU7fiPJ4gZHGZFznHevwTD05WhAjEMgBEIw==",
        "dependencies": {
          "DotNetty.Buffers": "0.6.0",
          "DotNetty.Codecs": "0.6.0",
          "DotNetty.Common": "0.6.0",
          "DotNetty.Transport": "0.6.0",
          "NETStandard.Library": "1.6.1"
        }
      },
      "DotNetty.Common": {
        "type": "Transitive",
        "resolved": "0.6.0",
        "contentHash": "aVD0bWoaH+Ou0wOTFzYEs3hrzsckUEkbdweVgwHsk7q0OTPgmPD/QkGxjNqjZ9diUyeGvHzYn7mFQGG5cgbYUA==",
        "dependencies": {
          "NETStandard.Library": "1.6.1"
        }
      },
      "DotNetty.Handlers": {
        "type": "Transitive",
        "resolved": "0.6.0",
        "contentHash": "LXj49DSk/PzC5r7MkXKpYit4t5DsUNpEw1m899SoV2gGVs9WooYUVyjOhKwyqBUPie4QgkYc6tsgAHNJUmDhbA==",
        "dependencies": {
          "DotNetty.Buffers": "0.6.0",
          "DotNetty.Codecs": "0.6.0",
          "DotNetty.Common": "0.6.0",
          "DotNetty.Transport": "0.6.0",
          "NETStandard.Library": "1.6.1"
        }
      },
      "DotNetty.Transport": {
        "type": "Transitive",
        "resolved": "0.6.0",
        "contentHash": "HLYcbZfLDIVPhtr+x3nv2vvxBxKONWXeP/B1LaXvPeSfdvlOtvoxB0tuv92SaOdqq9NUCjAP59Nn9xofRrt8mA==",
        "dependencies": {
          "DotNetty.Buffers": "0.6.0",
          "DotNetty.Common": "0.6.0",
          "NETStandard.Library": "1.6.1"
        }
      },
      "JetBrains.Annotations": {
        "type": "Transitive",
        "resolved": "2025.2.4",
        "contentHash": "TwbgxAkXxY+vNEhNVx/QXjJ4vqxmepOjsgRvvImQPbHkHMMb4W+ahL3laMsxXKtNT7iMy+E1B3xkqao2hf1n3A=="
      },
      "Microsoft.AspNetCore.JsonPatch": {
        "type": "Transitive",
        "resolved": "10.0.5",
        "contentHash": "ODGomRlmt8/mFAqVyD9MgE4fXNkO6qDNeKuvmqNDuKjOL2UOkh/wJK0gEXS5VcViHFs+uQKOXD5xoTg1/ouKtA==",
        "dependencies": {
          "Newtonsoft.Json": "13.0.3"
        }
      },
      "Microsoft.Azure.Amqp": {
        "type": "Transitive",
        "resolved": "2.7.2",
        "contentHash": "XsDLJl+LU2IpaSkQ+vH6Gxr9JX/IgKntmyafw+fAxtPDGbfg+cuBRV0cDqsNNOrTXYjLgjNdYxbkX6P2YHGxzg=="
      },
      "Microsoft.Azure.Devices": {
        "type": "Transitive",
        "resolved": "2.0.0-rc",
        "contentHash": "zV8NsT47erV26kFKws0hvZuWe975C/rbHMvjNcfOnl0MH5WeaJWPnn0Baag4PeCfEPw5zh8ikxFGRxRD6xztYQ==",
        "dependencies": {
          "Azure.Core": "1.31.0",
          "Microsoft.Azure.Amqp": "2.6.2"
        }
      },
      "Microsoft.Azure.Devices.Client": {
        "type": "Transitive",
        "resolved": "2.0.0-rc",
        "contentHash": "S02wM6scqV/b/AwPmQ9to4HzutKKoS4PYj4buZ4Z0ayWe7D/xqVcpiXrG99BpQcyeU+2fWLWmO4IHflZ0W7ajw==",
        "dependencies": {
          "MQTTnet": "5.1.0.1559",
          "Microsoft.Azure.Amqp": "2.6.2"
        }
      },
      "Microsoft.Azure.Devices.ProtocolGateway.Core": {
        "type": "Transitive",
        "resolved": "2.0.1",
        "contentHash": "HuP8GwdZhVNdDCguxhDr/JU4Cw6j80iHM7l5zXp3qMP0OBxFH4aDEFINUJpZ9FbqFSdYQeI63e1s8r5BdZ37/g==",
        "dependencies": {
          "DotNetty.Codecs.Mqtt": "0.6.0",
          "DotNetty.Handlers": "0.6.0",
          "NETStandard.Library": "1.6.1"
        }
      },
      "Microsoft.Bcl.AsyncInterfaces": {
        "type": "Transitive",
        "resolved": "1.1.1",
        "contentHash": "yuvf07qFWFqtK3P/MRkEKLhn5r2UbSpVueRziSqj0yJQIKFwG1pq9mOayK3zE5qZCTs0CbrwL9M6R8VwqyGy2w=="
      },
      "Microsoft.NETCore.Platforms": {
        "type": "Transitive",
        "resolved": "1.1.0",
        "contentHash": "kz0PEW2lhqygehI/d6XsPCQzD7ff7gUJaVGPVETX611eadGsA3A877GdSlU0LRVMCTH/+P3o2iDTak+S08V2+A=="
      },
      "MQTTnet": {
        "type": "Transitive",
        "resolved": "5.1.0.1559",
        "contentHash": "9mkk0H+76CToIzp9ru5Uj5BuC3P5hQdkhvXM+CLmmTDdZWqajjICCHuUMbDd1yVBt9BWL77Rvzt0A+/PA4WMCA=="
      },
      "NETStandard.Library": {
        "type": "Transitive",
        "resolved": "1.6.1",
        "contentHash": "WcSp3+vP+yHNgS8EV5J7pZ9IRpeDuARBPN28by8zqff1wJQXm26PVU8L3/fYLBJVU7BtDyqNVWq2KlCVvSSR4A==",
        "dependencies": {
          "Microsoft.NETCore.Platforms": "1.1.0"
        }
      },
      "Newtonsoft.Json": {
        "type": "Transitive",
        "resolved": "13.0.4",
        "contentHash": "pdgNNMai3zv51W5aq268sujXUyx7SNdE2bj1wZcWjAQrKMFZV260lbqYop1d2GM67JI1huLRwxo9ZqnfF/lC6A=="
      },
      "Newtonsoft.Json.Bson": {
        "type": "Transitive",
        "resolved": "1.0.2",
        "contentHash": "QYFyxhaABwmq3p/21VrZNYvCg3DaEoN/wUuw5nmfAf0X3HLjgupwhkEWdgfb9nvGAUIv3osmZoD3kKl4jxEmYQ==",
        "dependencies": {
          "Newtonsoft.Json": "12.0.1"
        }
      },
      "Nito.AsyncEx": {
        "type": "Transitive",
        "resolved": "5.1.2",
        "contentHash": "hq+N63M/2znx2z1VzvPDHNg+HIWKdIloEZre+P7E0O+2iRf1Q4HBOgeiJU6SzFD/fWoyKyKSSSrekk4RgiXaeQ==",
        "dependencies": {
          "Nito.AsyncEx.Context": "5.1.2",
          "Nito.AsyncEx.Coordination": "5.1.2",
          "Nito.AsyncEx.Interop.WaitHandles": "5.1.2",
          "Nito.AsyncEx.Oop": "5.1.2",
          "Nito.AsyncEx.Tasks": "5.1.2",
          "Nito.Cancellation": "1.1.2"
        }
      },
      "Nito.AsyncEx.Context": {
        "type": "Transitive",
        "resolved": "5.1.2",
        "contentHash": "rMwL7Nj3oNyvFu/jxUzQ/YBobEkM2RQHe+5mpCDRyq6mfD7vCj7Z3rjB6XgpM6Mqcx1CA2xGv0ascU/2Xk8IIg==",
        "dependencies": {
          "Nito.AsyncEx.Tasks": "5.1.2"
        }
      },
      "Nito.AsyncEx.Coordination": {
        "type": "Transitive",
        "resolved": "5.1.2",
        "contentHash": "QMyUfsaxov//0ZMbOHWr9hJaBFteZd66DV1ay4J5wRODDb8+K/uHC7+3VsOflo6SVw/29mu8OWZp8vMDSuzc0w==",
        "dependencies": {
          "Nito.AsyncEx.Tasks": "5.1.2",
          "Nito.Collections.Deque": "1.1.1"
        }
      },
      "Nito.AsyncEx.Interop.WaitHandles": {
        "type": "Transitive",
        "resolved": "5.1.2",
        "contentHash": "qym29lFBCSIacKvFcJDW+beXzuO+6y9lWdd1KecxzzAqtNuvlYgNPwIsxwdhEINLhTT4aDuCM3JalpUZYWI51Q==",
        "dependencies": {
          "Nito.AsyncEx.Tasks": "5.1.2"
        }
      },
      "Nito.AsyncEx.Oop": {
        "type": "Transitive",
        "resolved": "5.1.2",
        "contentHash": "MxQl/NFoPgMApyjbB2fSZBrjdf9r6ODd/BTrWLyJKYX6UeNfw0Ocr0cPiTg2LRN0Ayud8Gj4dh67AdasNn709Q==",
        "dependencies": {
          "Nito.AsyncEx.Coordination": "5.1.2"
        }
      },
      "Nito.AsyncEx.Tasks": {
        "type": "Transitive",
        "resolved": "5.1.2",
        "contentHash": "jEkCfR2/M26OK/U4G7SEN063EU/F4LiVA06TtpZILMdX/quIHCg+wn31Zerl2LC+u1cyFancjTY3cNAr2/89PA==",
        "dependencies": {
          "Nito.Disposables": "2.2.1"
        }
      },
      "Nito.Cancellation": {
        "type": "Transitive",
        "resolved": "1.1.2",
        "contentHash": "Z+SZKp0KxMC6tEVbXe8ah4pBJadyqP0pObQMaZcBavhIDEIsGuxt7PL+B9AiNJD3Ni5VgnZsnii5HPJgVDE81w==",
        "dependencies": {
          "Nito.Disposables": "2.2.1"
        }
      },
      "Nito.Collections.Deque": {
        "type": "Transitive",
        "resolved": "1.1.1",
        "contentHash": "CU0/Iuv5VDynK8I8pDLwkgF0rZhbQoZahtodfL0M3x2gFkpBRApKs8RyMyNlAi1mwExE4gsmqQXk4aFVvW9a4Q=="
      },
      "Nito.Disposables": {
        "type": "Transitive",
        "resolved": "2.2.1",
        "contentHash": "6sZ5uynQeAE9dPWBQGKebNmxbY4xsvcc5VplB5WkYEESUS7oy4AwnFp0FhqxTSKm/PaFrFqLrYr696CYN8cugg=="
      },
      "protobuf-net": {
        "type": "Transitive",
        "resolved": "3.2.56",
        "contentHash": "4IPJeTYAMNewlN8MDaFkcmR/9hLhJeo9eARnTh104zh7mf+vXT2gu5MUfUnkSQU+CH578Q6vcdU7LQDQPG6eaw==",
        "dependencies": {
          "protobuf-net.Core": "3.2.56"
        }
      },
      "protobuf-net.Core": {
        "type": "Transitive",
        "resolved": "3.2.56",
        "contentHash": "d6QOukTpDzs7zZv9tPnBZMtvHDNeHJQXUhMx54g4urUQsXK3oo9U70H9HvklYq7hlQ4A7AHJl7EVEqyCXXIl8Q=="
      },
      "RocksDbNative": {
        "type": "Transitive",
        "resolved": "6.2.2",
        "contentHash": "iukDhYJ812wtAyUCIBHjAkl7Euafrbp2JIEEvx58GNcg08WTEYRqZlFhD6KNJFw0iSr6a5LDDmTFK+K1P+tGkw==",
        "dependencies": {
          "NETStandard.Library": "1.6.1"
        }
      },
      "RocksDbSharp": {
        "type": "Transitive",
        "resolved": "6.2.2",
        "contentHash": "eQg2Pr8tASAwAVzFa2/p5+G9AtnzY7EooH9/66Wb/VZ/l6ThFhlDvKWMJrBdjt/INTtidq/INDSiIGywmK+qoQ==",
        "dependencies": {
          "NETStandard.Library": "1.6.1"
        }
      },
      "Serilog": {
        "type": "Transitive",
        "resolved": "4.2.0",
        "contentHash": "gmoWVOvKgbME8TYR+gwMf7osROiWAURterc6Rt2dQyX7wtjZYpqFiA/pY6ztjGQKKV62GGCyOcmtP1UKMHgSmA=="
      },
      "Serilog.Extensions.Logging": {
        "type": "Transitive",
        "resolved": "10.0.0",
        "contentHash": "vx0kABKl2dWbBhhqAfTOk53/i8aV/5VaT3a6il9gn72Wqs2pM7EK2OB6No6xdqK2IaY6Zf9gdjLuK9BVa2rT+Q==",
        "dependencies": {
          "Serilog": "4.2.0"
        }
      },
      "Serilog.Sinks.Console": {
        "type": "Transitive",
        "resolved": "6.1.1",
        "contentHash": "8jbqgjUyZlfCuSTaJk6lOca465OndqOz3KZP6Cryt/IqZYybyBu7GP0fE/AXBzrrQB3EBmQntBFAvMVz1COvAA==",
        "dependencies": {
          "Serilog": "4.0.0"
        }
      },
      "Stateless": {
        "type": "Transitive",
        "resolved": "5.20.1",
        "contentHash": "jQeuXgIeXEjFAImajavoxvJNcevO+zyK+9ICGzy0LRe/e1tP4vJUnO4Yrg6rP601wYRnulQs59mQH73TbIZzNg=="
      },
      "StyleCop.Analyzers.Unstable": {
        "type": "Transitive",
        "resolved": "1.2.0.164",
        "contentHash": "3WJ5JvRP9QjdrwspeLFjwD2AZw2CcDmYLQ7x8oofxvOzXvboZdFlPsSV8h56hLyK0lnMFvtpb48nxz7oQ4RgCQ=="
      },
      "System.Memory.Data": {
        "type": "Transitive",
        "resolved": "1.0.2",
        "contentHash": "JGkzeqgBsiZwKJZ1IxPNsDFZDhUvuEdX8L8BDC8N3KOj+6zMcNU28CNN59TpZE/VJYy9cP+5M+sbxtWJx3/xtw=="
      },
      "es6numberserializer": {
        "type": "Project"
      },
      "jsoncanonicalizer": {
        "type": "Project",
        "dependencies": {
          "es6numberserializer": "[1.0.0, )"
        }
      },
      "microsoft.azure.devices.edge.hub.amqp": {
        "type": "Project",
        "dependencies": {
          "Microsoft.Azure.Amqp": "[2.7.2, )",
          "Microsoft.Azure.Devices": "[2.0.0-rc, )",
          "Microsoft.Azure.Devices.Edge.Hub.Core": "[1.0.0, )",
          "Microsoft.Azure.Devices.Edge.Util": "[1.0.0, )"
        }
      },
      "microsoft.azure.devices.edge.hub.cloudproxy": {
        "type": "Project",
        "dependencies": {
          "Microsoft.Azure.Devices": "[2.0.0-rc, )",
          "Microsoft.Azure.Devices.Edge.Hub.Core": "[1.0.0, )",
          "Microsoft.Azure.Devices.Edge.Util": "[1.0.0, )",
          "Stateless": "[5.20.1, )"
        }
      },
      "microsoft.azure.devices.edge.hub.core": {
        "type": "Project",
        "dependencies": {
          "App.Metrics": "[4.3.0, )",
          "JetBrains.Annotations": "[2025.2.4, )",
          "Microsoft.Azure.Devices.Client": "[2.0.0-rc, )",
          "Microsoft.Azure.Devices.Edge.Storage": "[1.0.0, )",
          "Microsoft.Azure.Devices.Edge.Util": "[1.0.0, )",
          "Microsoft.Azure.Devices.Routing.Core": "[1.0.0, )"
        }
      },
      "microsoft.azure.devices.edge.hub.http": {
        "type": "Project",
        "dependencies": {
          "Microsoft.Azure.Devices": "[2.0.0-rc, )",
          "Microsoft.Azure.Devices.Edge.Hub.Core": "[1.0.0, )",
          "Microsoft.Azure.Devices.Edge.Util": "[1.0.0, )"
        }
      },
      "microsoft.azure.devices.edge.hub.mqtt": {
        "type": "Project",
        "dependencies": {
          "Microsoft.Azure.Devices.Edge.Hub.Core": "[1.0.0, )",
          "Microsoft.Azure.Devices.Edge.Util": "[1.0.0, )",
          "Microsoft.Azure.Devices.ProtocolGateway.Core": "[2.0.1, )"
        }
      },
      "microsoft.azure.devices.edge.storage": {
        "type": "Project",
        "dependencies": {
          "Microsoft.Azure.Devices.Edge.Util": "[1.0.0, )",
          "protobuf-net": "[3.2.56, )"
        }
      },
      "microsoft.azure.devices.edge.storage.rocksdb": {
        "type": "Project",
        "dependencies": {
          "Microsoft.Azure.Devices.Edge.Storage": "[1.0.0, )",
          "RocksDbNative": "[6.2.2, )",
          "RocksDbSharp": "[6.2.2, )"
        }
      },
      "microsoft.azure.devices.edge.util": {
        "type": "Project",
        "dependencies": {
          "App.Metrics.Formatters.Prometheus": "[4.3.0, )",
          "Newtonsoft.Json": "[13.0.4, )",
          "Nito.AsyncEx": "[5.1.2, )",
          "Serilog.Extensions.Logging": "[10.0.0, )",
          "Serilog.Sinks.Console": "[6.1.1, )",
          "es6numberserializer": "[1.0.0, )",
          "jsoncanonicalizer": "[1.0.0, )",
          "prometheus-net": "[8.2.1, )"
        }
      },
      "microsoft.azure.devices.routing.core": {
        "type": "Project",
        "dependencies": {
          "Antlr4": "[4.6.6, )",
          "App.Metrics": "[4.3.0, )",
          "Microsoft.Azure.Devices.Edge.Util": "[1.0.0, )"
        }
      }
    }
  }
}