
Microsoft Visual Studio Solution File, Format Version 12.00
# Visual Studio Version 16
VisualStudioVersion = 16.0.30413.136
MinimumVisualStudioVersion = 10.0.40219.1
Project("{9A19103F-16F7-4668-BE54-9A1E7A4F7556}") = "ManifestSignerClient", "ManifestSignerClient\ManifestSignerClient.csproj", "{C0BE92C7-B928-4767-B8AA-88F5BE7804A5}"
EndProject
Global
	GlobalSection(SolutionConfigurationPlatforms) = preSolution
		Debug|Any CPU = Debug|Any CPU
		Release|Any CPU = Release|Any CPU
	EndGlobalSection
	GlobalSection(ProjectConfigurationPlatforms) = postSolution
		{C0BE92C7-B928-4767-B8AA-88F5BE7804A5}.Debug|Any CPU.ActiveCfg = CheckInBuild|Any CPU
		{C0BE92C7-B928-4767-B8AA-88F5BE7804A5}.Debug|Any CPU.Build.0 = CheckInBuild|Any CPU
		{C0BE92C7-B928-4767-B8AA-88F5BE7804A5}.Release|Any CPU.ActiveCfg = Release|Any CPU
		{C0BE92C7-B928-4767-B8AA-88F5BE7804A5}.Release|Any CPU.Build.0 = Release|Any CPU
	EndGlobalSection
	GlobalSection(SolutionProperties) = preSolution
		HideSolutionNode = FALSE
	EndGlobalSection
	GlobalSection(ExtensibilityGlobals) = postSolution
		SolutionGuid = {7D1A7F39-6711-425F-9899-7362557B02E7}
	EndGlobalSection
EndGlobal
