{
  "version": 1,
  "dependencies": {
    "net10.0": {
      "Azure.Identity": {
        "type": "Direct",
        "requested": "[1.17.1, )",
        "resolved": "1.17.1",
        "contentHash": "MSZkBrctcpiGxs9Cvr2VKKoN6qFLZlP3I6xuCWJ9iTgitI5Rgxtk5gfOSpXPZE3+CJmZ/mnqpQyGyjawFn5Vvg==",
        "dependencies": {
          "Azure.Core": "1.50.0",
          "Microsoft.Identity.Client": "4.78.0",
          "Microsoft.Identity.Client.Extensions.Msal": "4.78.0"
        }
      },
      "coverlet.collector": {
        "type": "Direct",
        "requested": "[3.1.2, )",
        "resolved": "3.1.2",
        "contentHash": "wuLDIDKD5XMt0A7lE31JPenT7QQwZPFkP5rRpdJeblyXZ9MGLI8rYjvm5fvAKln+2/X+4IxxQDxBtwdrqKNLZw=="
      },
      "Microsoft.Azure.Devices": {
        "type": "Direct",
        "requested": "[1.42.0-edgeLts, 1.42.0-edgeLts]",
        "resolved": "1.42.0-edgeLts",
        "contentHash": "uBgp2gb14LJmonqxibPpi38CXAUiGPYljhvCRDOdnmTC2Wp+Eku4U2T7+RnDamv/wO3zfVpXdmJj88GJZ4FphQ==",
        "dependencies": {
          "Azure.Core": "1.44.1",
          "Microsoft.Azure.Amqp": "2.6.9",
          "Microsoft.Azure.Devices.Shared": "1.31.0-edgeLts",
          "Microsoft.Rest.ClientRuntime": "2.3.24",
          "Newtonsoft.Json": "13.0.3"
        }
      },
      "Microsoft.Extensions.Logging.Console": {
        "type": "Direct",
        "requested": "[10.0.0, )",
        "resolved": "10.0.0",
        "contentHash": "treWetuksp8LVb09fCJ5zNhNJjyDkqzVm83XxcrlWQnAdXznR140UUXo8PyEPBvFlHhjKhFQZEOP3Sk/ByCvEw==",
        "dependencies": {
          "Microsoft.Extensions.DependencyInjection.Abstractions": "10.0.0",
          "Microsoft.Extensions.Logging": "10.0.0",
          "Microsoft.Extensions.Logging.Abstractions": "10.0.0",
          "Microsoft.Extensions.Logging.Configuration": "10.0.0",
          "Microsoft.Extensions.Options": "10.0.0"
        }
      },
      "Microsoft.NET.Test.Sdk": {
        "type": "Direct",
        "requested": "[17.3.1, )",
        "resolved": "17.3.1",
        "contentHash": "jH9W5uYannaJ3HhrPBkzSidf3WkqP6XI+Yke0ODYVuFWM6GLVtBAyNgXvU/uQXPBsHq4aysLTsrN1FvG2hlKoQ==",
        "dependencies": {
          "Microsoft.CodeCoverage": "17.3.1",
          "Microsoft.TestPlatform.TestHost": "17.3.1"
        }
      },
      "Moq": {
        "type": "Direct",
        "requested": "[4.18.2, )",
        "resolved": "4.18.2",
        "contentHash": "SjxKYS5nX6prcaT8ZjbkONh3vnh0Rxru09+gQ1a07v4TM530Oe/jq3Q4dOZPfo1wq0LYmTgLOZKrqRfEx4auPw==",
        "dependencies": {
          "Castle.Core": "5.1.0"
        }
      },
      "xunit": {
        "type": "Direct",
        "requested": "[2.4.2, )",
        "resolved": "2.4.2",
        "contentHash": "6Mj73Ont3zj2CJuoykVJfE0ZmRwn7C+pTuRP8c4bnaaTFjwNG6tGe0prJ1yIbMe9AHrpDys63ctWacSsFJWK/w==",
        "dependencies": {
          "xunit.analyzers": "1.0.0",
          "xunit.assert": "2.4.2",
          "xunit.core": "[2.4.2]"
        }
      },
      "xunit.runner.visualstudio": {
        "type": "Direct",
        "requested": "[2.4.5, )",
        "resolved": "2.4.5",
        "contentHash": "OwHamvBdUKgqsXfBzWiCW/O98BTx81UKzx2bieIOQI7CZFE5NEQZGi8PBQGIKawDW96xeRffiNf20SjfC0x9hw=="
      },
      "Antlr4": {
        "type": "Transitive",
        "resolved": "4.6.6",
        "contentHash": "mtHCpallXyZaWd2quDmR/sc7mBf18+nelxakWYpHVc9v0T0zM9SevzhUZxh2PKPsQbEKnDACfYHNJMqKkmTs1g==",
        "dependencies": {
          "Antlr4.CodeGenerator": "4.6.6",
          "Antlr4.Runtime": "4.6.6"
        }
      },
      "Antlr4.CodeGenerator": {
        "type": "Transitive",
        "resolved": "4.6.6",
        "contentHash": "AStoC8SCdU1TUSn5Bh0xZU9rlvaERwXkrgqc1jEFON3e/xBtapCuThYIzgXL9TOignWwHjLxlHH233D+DfH9LA=="
      },
      "Antlr4.Runtime": {
        "type": "Transitive",
        "resolved": "4.6.6",
        "contentHash": "NlbRjkTCidRh1QeWvGfFPKq0sqpPZrAwGaSTV0X2jL8buZxTf9/aQ7PehFAmc7erXLUQ3YMZEVZU86aQwma2+w==",
        "dependencies": {
          "NETStandard.Library": "1.6.0"
        }
      },
      "App.Metrics": {
        "type": "Transitive",
        "resolved": "3.0.0",
        "contentHash": "NV6cjpng/JcjaRQIWgoiuO7mdC98MOalxwL53Fgs0TP3OhR6aEmBcgOIiM97BnTBCA9DNjh1/CLjVqgDr8Mgxg==",
        "dependencies": {
          "App.Metrics.Core": "3.0.0",
          "App.Metrics.Formatters.Json": "3.0.0",
          "NETStandard.Library": "1.6.1"
        }
      },
      "App.Metrics.Abstractions": {
        "type": "Transitive",
        "resolved": "4.3.0",
        "contentHash": "ekSlyVgN6foN6rmwVmRGBr0j5ufgRPsO5f7Md2fc3q44vkBNYpjsRLiUQsIXCSVI3NHorkrZh8aL4eRcLkVDGw==",
        "dependencies": {
          "Microsoft.Bcl.AsyncInterfaces": "1.0.0"
        }
      },
      "App.Metrics.Concurrency": {
        "type": "Transitive",
        "resolved": "4.3.0",
        "contentHash": "otryWX9AR7wLPD49glbxvbYc16pnDOEezHsAtf5oVjhAa/fD+fjhI11MOgzBOjFpkH7z2FLl/gtZ0lwSdNxSag=="
      },
      "App.Metrics.Core": {
        "type": "Transitive",
        "resolved": "4.3.0",
        "contentHash": "HhW4n2fF+WBi6ctCpwsYkKCSeLhG5Y17e31kSkdESNAdPvroI9szlzW3WoY20qsB3bCldrGPPnCN6jXI1t3agA==",
        "dependencies": {
          "App.Metrics.Abstractions": "4.3.0",
          "App.Metrics.Concurrency": "4.3.0",
          "App.Metrics.Formatters.Ascii": "4.3.0"
        }
      },
      "App.Metrics.Formatters.Ascii": {
        "type": "Transitive",
        "resolved": "4.3.0",
        "contentHash": "PPacBFRji8wTGv8rs13fPmAVlOit7CAvkdPkZ6aYgtUa75e0v4fYzwqPcLxokCqdQXW96PpKPfC0VZZeDkgljg==",
        "dependencies": {
          "App.Metrics.Abstractions": "4.3.0"
        }
      },
      "App.Metrics.Formatters.Json": {
        "type": "Transitive",
        "resolved": "3.0.0",
        "contentHash": "8eQQBXtGgEtPRHk7+W3pHrWr+oXqhaYb0wP64zEENAfmjhLL2DKMls6SIndXjHz/lNCiRcZzwNrLjgeq88BM+Q==",
        "dependencies": {
          "App.Metrics.Abstractions": "3.0.0",
          "NETStandard.Library": "1.6.1",
          "Newtonsoft.Json": "12.0.1"
        }
      },
      "App.Metrics.Formatters.Prometheus": {
        "type": "Transitive",
        "resolved": "4.3.0",
        "contentHash": "cVJZX5jiMxt+YytjpbMw52reN47LGL3XsCljzNH9Pb+Op9iSTazc4pa+/fX+FdpbhH/Zt+5hjdYiqOLFol0wGg==",
        "dependencies": {
          "App.Metrics.Core": "4.3.0",
          "protobuf-net": "2.4.0"
        }
      },
      "Azure.Core": {
        "type": "Transitive",
        "resolved": "1.50.0",
        "contentHash": "GBNKZEhdIbTXxedvD3R7I/yDVFX9jJJEz02kCziFSJxspSQ5RMHc3GktulJ1s7+ffXaXD7kMgrtdQTaggyInLw==",
        "dependencies": {
          "Microsoft.Bcl.AsyncInterfaces": "8.0.0",
          "System.ClientModel": "1.8.0",
          "System.Memory.Data": "8.0.1"
        }
      },
      "Azure.Core.Amqp": {
        "type": "Transitive",
        "resolved": "1.3.1",
        "contentHash": "AY1ZM4WwLBb9L2WwQoWs7wS2XKYg83tp3yVVdgySdebGN0FuIszuEqCy3Nhv6qHpbkjx/NGuOTsUbF/oNGBgwA==",
        "dependencies": {
          "Microsoft.Azure.Amqp": "2.6.7",
          "System.Memory.Data": "1.0.2"
        }
      },
      "Azure.Messaging.EventHubs": {
        "type": "Transitive",
        "resolved": "5.12.2",
        "contentHash": "vmrkhHAcGigX/xVMvPqC6dZeWEhxEBzGEkF/ti7RxdVcIANRaPS6EpEtIHRxcgoaLukvmirkdE0Svq++ljh5Tg==",
        "dependencies": {
          "Azure.Core": "1.46.2",
          "Azure.Core.Amqp": "1.3.1",
          "Microsoft.Azure.Amqp": "2.7.0",
          "System.Reflection.TypeExtensions": "4.7.0"
        }
      },
      "Castle.Core": {
        "type": "Transitive",
        "resolved": "5.1.0",
        "contentHash": "31UJpTHOiWq95CDOHazE3Ub/hE/PydNWsJMwnEVTqFFP4WhAugwpaVGxzOxKgNeSUUeqS2W6lxV+q7u1pAOfXg==",
        "dependencies": {
          "System.Diagnostics.EventLog": "6.0.0"
        }
      },
      "DotNetty.Buffers": {
        "type": "Transitive",
        "resolved": "0.7.6",
        "contentHash": "JVYypDugRG4m3hbS0drCC79vX93zqjn5w+U4ti/KXjTIzcQ/UVHrCgs7ZgJfWRUQLfgfQB0daYQtE18lKD8pHg==",
        "dependencies": {
          "DotNetty.Common": "0.7.6"
        }
      },
      "DotNetty.Codecs": {
        "type": "Transitive",
        "resolved": "0.6.0",
        "contentHash": "gLAVaII7A4er3ZwUJIAZpynDLsxNr7Acw61OoCDfzIAkcB2L6OJ9jPnKy8YtrtTnJXm0lNod5+7aRJTmaBbT0Q==",
        "dependencies": {
          "DotNetty.Buffers": "0.6.0",
          "DotNetty.Common": "0.6.0",
          "DotNetty.Transport": "0.6.0",
          "NETStandard.Library": "1.6.1"
        }
      },
      "DotNetty.Codecs.Mqtt": {
        "type": "Transitive",
        "resolved": "0.6.0",
        "contentHash": "EzZtHRxdLXE9ASFkcNvbO7CiVp7ldsAEx7gLEP62uo6CxlHn8yYPU7fiPJ4gZHGZFznHevwTD05WhAjEMgBEIw==",
        "dependencies": {
          "DotNetty.Buffers": "0.6.0",
          "DotNetty.Codecs": "0.6.0",
          "DotNetty.Common": "0.6.0",
          "DotNetty.Transport": "0.6.0",
          "NETStandard.Library": "1.6.1"
        }
      },
      "DotNetty.Common": {
        "type": "Transitive",
        "resolved": "0.7.6",
        "contentHash": "dmK8Njfh2Y4qnz99lLK0evoc46FPL5WOnHMLlavNZ6zqC5/bKgqGsJFoXbhVPkSYDp58g2euI64dhY0cvOUOZQ==",
        "dependencies": {
          "Microsoft.Extensions.Logging": "5.0.0"
        }
      },
      "DotNetty.Handlers": {
        "type": "Transitive",
        "resolved": "0.6.0",
        "contentHash": "LXj49DSk/PzC5r7MkXKpYit4t5DsUNpEw1m899SoV2gGVs9WooYUVyjOhKwyqBUPie4QgkYc6tsgAHNJUmDhbA==",
        "dependencies": {
          "DotNetty.Buffers": "0.6.0",
          "DotNetty.Codecs": "0.6.0",
          "DotNetty.Common": "0.6.0",
          "DotNetty.Transport": "0.6.0",
          "NETStandard.Library": "1.6.1"
        }
      },
      "DotNetty.Transport": {
        "type": "Transitive",
        "resolved": "0.7.6",
        "contentHash": "EVQ5FihFPdWmw7v6l/4iyMepj49vZT11kWQNJ0ApC4KzkdJJ6LM/7NDUgghyxbO0e25nfQRtkGLP5EZAEo7QDA==",
        "dependencies": {
          "DotNetty.Buffers": "0.7.6",
          "DotNetty.Common": "0.7.6"
        }
      },
      "JetBrains.Annotations": {
        "type": "Transitive",
        "resolved": "2018.3.0",
        "contentHash": "Hbt5edAd7OfnYwsRayYguECzIJ4FUWDGjeEHsmxIgEpBbqZglhpxqjPWnWN/pEQM1HFGojMrR9dsywmC8pPTeQ=="
      },
      "Microsoft.AspNetCore.JsonPatch": {
        "type": "Transitive",
        "resolved": "10.0.0",
        "contentHash": "+hISlxEFfSmgVtJIzUenjkTcNVHvfU/LNSekIQQb001tb8Vrol5OqQMgiD+cz97zkguvFtmeVAejL6sIUnBEpA==",
        "dependencies": {
          "Newtonsoft.Json": "13.0.3"
        }
      },
      "Microsoft.AspNetCore.Mvc.NewtonsoftJson": {
        "type": "Transitive",
        "resolved": "10.0.0",
        "contentHash": "EMDUybl6z95zX0YdLrTH8KnLyietzRQgseuzbEtiEpLy0nMXd2Xvvda09Q4DYGfeVRS1J1XQoTGCOEao6kJcgw==",
        "dependencies": {
          "Microsoft.AspNetCore.JsonPatch": "10.0.0",
          "Newtonsoft.Json": "13.0.3",
          "Newtonsoft.Json.Bson": "1.0.2"
        }
      },
      "Microsoft.AspNetCore.TestHost": {
        "type": "Transitive",
        "resolved": "10.0.0",
        "contentHash": "Q3ia+k+wYM3Iv/Qq5IETOdpz/R0xizs3WNAXz699vEQx5TMVAfG715fBSq9Thzopvx8dYZkxQ/mumTn6AJ/vGQ=="
      },
      "Microsoft.Azure.Amqp": {
        "type": "Transitive",
        "resolved": "2.7.0",
        "contentHash": "gm/AEakujttMzrDhZ5QpRz3fICVkYDn/oDG9SmxDP+J7R8JDBXYU9WWG7hr6wQy40mY+wjUF0yUGXDPRDRNJwQ=="
      },
      "Microsoft.Azure.Devices.Client": {
        "type": "Transitive",
        "resolved": "1.43.0-edgeLts",
        "contentHash": "lmcZUT04unp09ZoY9RdXTHjjsZrKs1oFotyvOlZBpsYD06R0/CTpfjbuk54LOqkH0NDk2lErnPAH/+/FE04fMg==",
        "dependencies": {
          "MQTTnet": "5.1.0.1559",
          "Microsoft.Azure.Amqp": "2.6.9",
          "Microsoft.Azure.Devices.Shared": "1.31.0-edgeLts",
          "Newtonsoft.Json": "13.0.3",
          "System.Configuration.ConfigurationManager": "4.4.1"
        }
      },
      "Microsoft.Azure.Devices.ProtocolGateway.Core": {
        "type": "Transitive",
        "resolved": "2.0.1",
        "contentHash": "HuP8GwdZhVNdDCguxhDr/JU4Cw6j80iHM7l5zXp3qMP0OBxFH4aDEFINUJpZ9FbqFSdYQeI63e1s8r5BdZ37/g==",
        "dependencies": {
          "DotNetty.Codecs.Mqtt": "0.6.0",
          "DotNetty.Handlers": "0.6.0",
          "Microsoft.Extensions.Configuration": "1.1.1",
          "Microsoft.Extensions.Configuration.Json": "1.1.1",
          "NETStandard.Library": "1.6.1"
        }
      },
      "Microsoft.Azure.Devices.Shared": {
        "type": "Transitive",
        "resolved": "1.31.0-edgeLts",
        "contentHash": "l7s3CZ8BgOGeKX9QwH9z/GusCSwLP/A3SEycPQN4P82YCw7KCuvXDUuVZha1l2qZAzD5bkHBXzoOYWK1HWqr2Q==",
        "dependencies": {
          "Newtonsoft.Json": "13.0.3"
        }
      },
      "Microsoft.Bcl.AsyncInterfaces": {
        "type": "Transitive",
        "resolved": "8.0.0",
        "contentHash": "3WA9q9yVqJp222P3x1wYIGDAkpjAku0TMUaaQV22g6L67AI0LdOIrVS7Ht2vJfLHGSPVuqN94vIr15qn+HEkHw=="
      },
      "Microsoft.CodeCoverage": {
        "type": "Transitive",
        "resolved": "17.3.1",
        "contentHash": "WqB7Ik4v8ku0Y9HZShqTStZdq8R1lyhsZr7IMp8zV/OcL5sHVYvlMnardQR+SDQc3dmbniCIl9mYxYM+V7x8MA=="
      },
      "Microsoft.Extensions.Configuration": {
        "type": "Transitive",
        "resolved": "10.0.0",
        "contentHash": "H4SWETCh/cC5L1WtWchHR6LntGk3rDTTznZMssr4cL8IbDmMWBxY+MOGDc/ASnqNolLKPIWHWeuC1ddiL/iNPw==",
        "dependencies": {
          "Microsoft.Extensions.Configuration.Abstractions": "10.0.0",
          "Microsoft.Extensions.Primitives": "10.0.0"
        }
      },
      "Microsoft.Extensions.Configuration.Abstractions": {
        "type": "Transitive",
        "resolved": "10.0.0",
        "contentHash": "d2kDKnCsJvY7mBVhcjPSp9BkJk48DsaHPg5u+Oy4f8XaOqnEedRy/USyvnpHL92wpJ6DrTPy7htppUUzskbCXQ==",
        "dependencies": {
          "Microsoft.Extensions.Primitives": "10.0.0"
        }
      },
      "Microsoft.Extensions.Configuration.Binder": {
        "type": "Transitive",
        "resolved": "10.0.0",
        "contentHash": "tMF9wNh+hlyYDWB8mrFCQHQmWHlRosol1b/N2Jrefy1bFLnuTlgSYmPyHNmz8xVQgs7DpXytBRWxGhG+mSTp0g==",
        "dependencies": {
          "Microsoft.Extensions.Configuration": "10.0.0",
          "Microsoft.Extensions.Configuration.Abstractions": "10.0.0"
        }
      },
      "Microsoft.Extensions.Configuration.EnvironmentVariables": {
        "type": "Transitive",
        "resolved": "10.0.0",
        "contentHash": "TmFegsI/uCdwMBD4yKpmO+OkjVNHQL49Dh/ep83NI5rPUEoBK9OdsJo1zURc1A2FuS/R/Pos3wsTjlyLnguBLA==",
        "dependencies": {
          "Microsoft.Extensions.Configuration": "10.0.0",
          "Microsoft.Extensions.Configuration.Abstractions": "10.0.0"
        }
      },
      "Microsoft.Extensions.Configuration.FileExtensions": {
        "type": "Transitive",
        "resolved": "10.0.0",
        "contentHash": "LqCTyF0twrG4tyEN6PpSC5ewRBDwCBazRUfCOdRddwaQ3n2S57GDDeYOlTLcbV/V2dxSSZWg5Ofr48h6BsBmxw==",
        "dependencies": {
          "Microsoft.Extensions.Configuration": "10.0.0",
          "Microsoft.Extensions.Configuration.Abstractions": "10.0.0",
          "Microsoft.Extensions.FileProviders.Abstractions": "10.0.0",
          "Microsoft.Extensions.FileProviders.Physical": "10.0.0",
          "Microsoft.Extensions.Primitives": "10.0.0"
        }
      },
      "Microsoft.Extensions.Configuration.Json": {
        "type": "Transitive",
        "resolved": "10.0.0",
        "contentHash": "BIOPTEAZoeWbHlDT9Zudu+rpecZizFwhdIFRiyZKDml7JbayXmfTXKUt+ezifsSXfBkWDdJM10oDOxo8pufEng==",
        "dependencies": {
          "Microsoft.Extensions.Configuration": "10.0.0",
          "Microsoft.Extensions.Configuration.Abstractions": "10.0.0",
          "Microsoft.Extensions.Configuration.FileExtensions": "10.0.0",
          "Microsoft.Extensions.FileProviders.Abstractions": "10.0.0"
        }
      },
      "Microsoft.Extensions.DependencyInjection": {
        "type": "Transitive",
        "resolved": "10.0.0",
        "contentHash": "f0RBabswJq+gRu5a+hWIobrLWiUYPKMhCD9WO3sYBAdSy3FFH14LMvLVFZc2kPSCimBLxSuitUhsd6tb0TAY6A==",
        "dependencies": {
          "Microsoft.Extensions.DependencyInjection.Abstractions": "10.0.0"
        }
      },
      "Microsoft.Extensions.DependencyInjection.Abstractions": {
        "type": "Transitive",
        "resolved": "10.0.0",
        "contentHash": "L3AdmZ1WOK4XXT5YFPEwyt0ep6l8lGIPs7F5OOBZc77Zqeo01Of7XXICy47628sdVl0v/owxYJTe86DTgFwKCA=="
      },
      "Microsoft.Extensions.FileProviders.Abstractions": {
        "type": "Transitive",
        "resolved": "10.0.0",
        "contentHash": "/ppSdehKk3fuXjlqCDgSOtjRK/pSHU8eWgzSHfHdwVm5BP4Dgejehkw+PtxKG2j98qTDEHDst2Y99aNsmJldmw==",
        "dependencies": {
          "Microsoft.Extensions.Primitives": "10.0.0"
        }
      },
      "Microsoft.Extensions.FileProviders.Physical": {
        "type": "Transitive",
        "resolved": "10.0.0",
        "contentHash": "UZUQ74lQMmvcprlG8w+XpxBbyRDQqfb7GAnccITw32hdkUBlmm9yNC4xl4aR9YjgV3ounZcub194sdmLSfBmPA==",
        "dependencies": {
          "Microsoft.Extensions.FileProviders.Abstractions": "10.0.0",
          "Microsoft.Extensions.FileSystemGlobbing": "10.0.0",
          "Microsoft.Extensions.Primitives": "10.0.0"
        }
      },
      "Microsoft.Extensions.FileSystemGlobbing": {
        "type": "Transitive",
        "resolved": "10.0.0",
        "contentHash": "5hfVl/e+bx1px2UkN+1xXhd3hu7Ui6ENItBzckFaRDQXfr+SHT/7qrCDrlQekCF/PBtEu2vtk87U2+gDEF8EhQ=="
      },
      "Microsoft.Extensions.Logging": {
        "type": "Transitive",
        "resolved": "10.0.0",
        "contentHash": "BStFkd5CcnEtarlcgYDBcFzGYCuuNMzPs02wN3WBsOFoYIEmYoUdAiU+au6opzoqfTYJsMTW00AeqDdnXH2CvA==",
        "dependencies": {
          "Microsoft.Extensions.DependencyInjection": "10.0.0",
          "Microsoft.Extensions.Logging.Abstractions": "10.0.0",
          "Microsoft.Extensions.Options": "10.0.0"
        }
      },
      "Microsoft.Extensions.Logging.Abstractions": {
        "type": "Transitive",
        "resolved": "10.0.0",
        "contentHash": "FU/IfjDfwaMuKr414SSQNTIti/69bHEMb+QKrskRb26oVqpx3lNFXMjs/RC9ZUuhBhcwDM2BwOgoMw+PZ+beqQ==",
        "dependencies": {
          "Microsoft.Extensions.DependencyInjection.Abstractions": "10.0.0"
        }
      },
      "Microsoft.Extensions.Logging.Configuration": {
        "type": "Transitive",
        "resolved": "10.0.0",
        "contentHash": "j8zcwhS6bYB6FEfaY3nYSgHdpiL2T+/V3xjpHtslVAegyI1JUbB9yAt/BFdvZdsNbY0Udm4xFtvfT/hUwcOOOg==",
        "dependencies": {
          "Microsoft.Extensions.Configuration": "10.0.0",
          "Microsoft.Extensions.Configuration.Abstractions": "10.0.0",
          "Microsoft.Extensions.Configuration.Binder": "10.0.0",
          "Microsoft.Extensions.DependencyInjection.Abstractions": "10.0.0",
          "Microsoft.Extensions.Logging": "10.0.0",
          "Microsoft.Extensions.Logging.Abstractions": "10.0.0",
          "Microsoft.Extensions.Options": "10.0.0",
          "Microsoft.Extensions.Options.ConfigurationExtensions": "10.0.0"
        }
      },
      "Microsoft.Extensions.Options": {
        "type": "Transitive",
        "resolved": "10.0.0",
        "contentHash": "8oCAgXOow5XDrY9HaXX1QmH3ORsyZO/ANVHBlhLyCeWTH5Sg4UuqZeOTWJi6484M+LqSx0RqQXDJtdYy2BNiLQ==",
        "dependencies": {
          "Microsoft.Extensions.DependencyInjection.Abstractions": "10.0.0",
          "Microsoft.Extensions.Primitives": "10.0.0"
        }
      },
      "Microsoft.Extensions.Options.ConfigurationExtensions": {
        "type": "Transitive",
        "resolved": "10.0.0",
        "contentHash": "tL9cSl3maS5FPzp/3MtlZI21ExWhni0nnUCF8HY4npTsINw45n9SNDbkKXBMtFyUFGSsQep25fHIDN4f/Vp3AQ==",
        "dependencies": {
          "Microsoft.Extensions.Configuration.Abstractions": "10.0.0",
          "Microsoft.Extensions.Configuration.Binder": "10.0.0",
          "Microsoft.Extensions.DependencyInjection.Abstractions": "10.0.0",
          "Microsoft.Extensions.Options": "10.0.0",
          "Microsoft.Extensions.Primitives": "10.0.0"
        }
      },
      "Microsoft.Extensions.Primitives": {
        "type": "Transitive",
        "resolved": "10.0.0",
        "contentHash": "inRnbpCS0nwO/RuoZIAqxQUuyjaknOOnCEZB55KSMMjRhl0RQDttSmLSGsUJN3RQ3ocf5NDLFd2mOQViHqMK5w=="
      },
      "Microsoft.Identity.Client": {
        "type": "Transitive",
        "resolved": "4.78.0",
        "contentHash": "vZ50HE9INSN+Ew8pCgTm0t7wzxQTqozF9L4MAsl64etXz0Teo0dbUvjpVzqDHRs6m1Vn8mHF04fGaxXrIvGpsg==",
        "dependencies": {
          "Microsoft.IdentityModel.Abstractions": "8.14.0"
        }
      },
      "Microsoft.Identity.Client.Extensions.Msal": {
        "type": "Transitive",
        "resolved": "4.78.0",
        "contentHash": "DYU9o+DrDQuyZxeq91GBA9eNqBvA3ZMkLzQpF7L9dTk6FcIBM1y1IHXWqiKXTvptPF7CZE59upbyUoa+FJ5eiA==",
        "dependencies": {
          "Microsoft.Identity.Client": "4.78.0",
          "System.Security.Cryptography.ProtectedData": "4.5.0"
        }
      },
      "Microsoft.IdentityModel.Abstractions": {
        "type": "Transitive",
        "resolved": "8.14.0",
        "contentHash": "iwbCpSjD3ehfTwBhtSNEtKPK0ICun6ov7Ibx6ISNA9bfwIyzI2Siwyi9eJFCJBwxowK9xcA1mj+jBWiigeqgcQ=="
      },
      "Microsoft.IdentityModel.Clients.ActiveDirectory": {
        "type": "Transitive",
        "resolved": "4.5.1",
        "contentHash": "Ib75KOlQuEUYdjHshIDSqQFEbA2qWqqszcggY/5/rcmojH+vhulqwDphb6nnk2sT1/vPgVxFOcLEbqyyj5mNOw==",
        "dependencies": {
          "NETStandard.Library": "1.6.1"
        }
      },
      "Microsoft.IdentityModel.Logging": {
        "type": "Transitive",
        "resolved": "5.4.0",
        "contentHash": "lkLmOqJN9ELf1m/+yvvnfm2cipP/RIKzHideQqH+hfFcZMkI4nn2PEOvw6VDpPzPg+31dqJm6W+rhoq5ewrEbA=="
      },
      "Microsoft.IdentityModel.Tokens": {
        "type": "Transitive",
        "resolved": "5.4.0",
        "contentHash": "Lim2PqkdqLRbLqMaP0Hws8vmzmZVVg4sso5J2OwJi1/eE0PmfEbC22b3VeHhL5CRIYKPtzvbiyK/Ahu71/rdpA==",
        "dependencies": {
          "Microsoft.IdentityModel.Logging": "5.4.0",
          "Newtonsoft.Json": "10.0.1"
        }
      },
      "Microsoft.NETCore.Platforms": {
        "type": "Transitive",
        "resolved": "2.1.0",
        "contentHash": "ok+RPAtESz/9MUXeIEz6Lv5XAGQsaNmEYXMsgVALj4D7kqC8gveKWXWXbufLySR2fWrwZf8smyN5RmHu0e4BHA=="
      },
      "Microsoft.Rest.ClientRuntime": {
        "type": "Transitive",
        "resolved": "2.3.24",
        "contentHash": "hZH7XgM3eV2jFrnq7Yf0nBD4WVXQzDrer2gEY7HMNiwio2hwDsTHO6LWuueNQAfRpNp4W7mKxcXpwXUiuVIlYw==",
        "dependencies": {
          "Newtonsoft.Json": "10.0.3"
        }
      },
      "Microsoft.TestPlatform.ObjectModel": {
        "type": "Transitive",
        "resolved": "17.3.1",
        "contentHash": "n1WSFCMiFt6KmD5JzV+Wye5Ntomez3YP2+d15bu5PS5Z1U0g+V7VBLdJIaJRnahz5BsXJDTnLYNVOUdntwjx6Q==",
        "dependencies": {
          "NuGet.Frameworks": "5.11.0"
        }
      },
      "Microsoft.TestPlatform.TestHost": {
        "type": "Transitive",
        "resolved": "17.3.1",
        "contentHash": "co/GMz6rGxpzn2aJYTDDim61HvEk+SHBVtbXnu2RSrz20HxkaraEh0kltCsMkmLAX/6Hz5sa6NquLngBlURTow==",
        "dependencies": {
          "Microsoft.TestPlatform.ObjectModel": "17.3.1",
          "Newtonsoft.Json": "9.0.1"
        }
      },
      "MQTTnet": {
        "type": "Transitive",
        "resolved": "5.1.0.1559",
        "contentHash": "9mkk0H+76CToIzp9ru5Uj5BuC3P5hQdkhvXM+CLmmTDdZWqajjICCHuUMbDd1yVBt9BWL77Rvzt0A+/PA4WMCA=="
      },
      "NETStandard.Library": {
        "type": "Transitive",
        "resolved": "1.6.1",
        "contentHash": "WcSp3+vP+yHNgS8EV5J7pZ9IRpeDuARBPN28by8zqff1wJQXm26PVU8L3/fYLBJVU7BtDyqNVWq2KlCVvSSR4A==",
        "dependencies": {
          "Microsoft.NETCore.Platforms": "1.1.0"
        }
      },
      "Nett": {
        "type": "Transitive",
        "resolved": "0.15.0",
        "contentHash": "/0SoN9ugPKfmLndtKy3gaRxOlzji94/yrNgQLe45/1ZgExj0BaVozbXD+oWD8E6MCLvTs+YWzmn315mQOXGCcw=="
      },
      "Newtonsoft.Json": {
        "type": "Transitive",
        "resolved": "13.0.3",
        "contentHash": "HrC5BXdl00IP9zeV+0Z848QWPAoCr9P3bDEZguI+gkLcBKAOxix/tLEAAHC+UvDNPv4a2d18lOReHMOagPa+zQ=="
      },
      "Newtonsoft.Json.Bson": {
        "type": "Transitive",
        "resolved": "1.0.2",
        "contentHash": "QYFyxhaABwmq3p/21VrZNYvCg3DaEoN/wUuw5nmfAf0X3HLjgupwhkEWdgfb9nvGAUIv3osmZoD3kKl4jxEmYQ==",
        "dependencies": {
          "Newtonsoft.Json": "12.0.1"
        }
      },
      "Nito.AsyncEx": {
        "type": "Transitive",
        "resolved": "5.0.0",
        "contentHash": "EgeMl8BoaLg6mOXs7MVjl3uqUqZlL0uYti2/G128EA60U9UqoYlF0AMtGOA1/EP+bvrjcvixK8D3MLpwr2dnSw==",
        "dependencies": {
          "Nito.AsyncEx.Context": "5.0.0",
          "Nito.AsyncEx.Coordination": "5.0.0",
          "Nito.AsyncEx.Interop.WaitHandles": "5.0.0",
          "Nito.AsyncEx.Oop": "5.0.0",
          "Nito.AsyncEx.Tasks": "5.0.0",
          "Nito.Cancellation": "1.0.5"
        }
      },
      "Nito.AsyncEx.Context": {
        "type": "Transitive",
        "resolved": "5.0.0",
        "contentHash": "Qnth1Ye+QSLg8P3fSFYzk7ue6oUUHQcKpLitgAig8xRFqTK5W1KTlfxF/Z8Eo0BuqZ17a5fAGtXrdKJsLqivZw==",
        "dependencies": {
          "Nito.AsyncEx.Tasks": "5.0.0"
        }
      },
      "Nito.AsyncEx.Coordination": {
        "type": "Transitive",
        "resolved": "5.0.0",
        "contentHash": "kjauyO8UMo/FGZO/M8TdjXB8ZlBPFOiRN8yakThaGQbYOywazQ0kGZ39SNr2gNNzsTxbZOUudBMYNo+IrtscbA==",
        "dependencies": {
          "Nito.AsyncEx.Tasks": "5.0.0",
          "Nito.Collections.Deque": "1.0.4",
          "Nito.Disposables": "2.0.0"
        }
      },
      "Nito.AsyncEx.Interop.WaitHandles": {
        "type": "Transitive",
        "resolved": "5.0.0",
        "contentHash": "roX7jQ7AAEw3CUq/oRj/ACcN1XtfO6fSbYSAjMtjvacN9pqY7Uq2reBFaosbMaMt16EcW+Xw3PwczKzHdZFPRA==",
        "dependencies": {
          "Nito.AsyncEx.Tasks": "5.0.0"
        }
      },
      "Nito.AsyncEx.Oop": {
        "type": "Transitive",
        "resolved": "5.0.0",
        "contentHash": "SKyHsxzXD8b69tPPgMDh7mgMx7GdaSfJ1h2eNS+z2Z/vHsutXTl1sYLOO30fiIkv1umvI1g8GySvYLpVlpt6yA==",
        "dependencies": {
          "Nito.AsyncEx.Coordination": "5.0.0"
        }
      },
      "Nito.AsyncEx.Tasks": {
        "type": "Transitive",
        "resolved": "5.0.0",
        "contentHash": "ZtvotignafOLteP4oEjVcF3k2L8h73QUCaFpVKWbU+EOlW/I+JGkpMoXIl0rlwPcDmR84RxzggLRUNMaWlOosA==",
        "dependencies": {
          "Nito.Disposables": "2.0.0"
        }
      },
      "Nito.Cancellation": {
        "type": "Transitive",
        "resolved": "1.0.5",
        "contentHash": "/MehN8HvuOgPZsNmqyu0UdPWXCAJVqcy0LEqw1Ch1++ag1h0qPt5YLH+BCIMFDC5UMW/4RzJW2GdRDYg7Vi2yA==",
        "dependencies": {
          "Nito.Disposables": "1.2.3"
        }
      },
      "Nito.Collections.Deque": {
        "type": "Transitive",
        "resolved": "1.0.4",
        "contentHash": "yGDKqCQ61i97MyfEUYG6+ln5vxpx11uA5M9+VV9B7stticbFm19YMI/G9w4AFYVBj5PbPi138P8IovkMFAL0Aw=="
      },
      "Nito.Disposables": {
        "type": "Transitive",
        "resolved": "2.0.0",
        "contentHash": "ExJl/jTjegSLHGcwnmaYaI5xIlrefAsVdeLft7VLtXI2+W5irihiu36LizWvlaUpzY1/llo+YSh09uSHMu2VFw=="
      },
      "NuGet.Frameworks": {
        "type": "Transitive",
        "resolved": "5.11.0",
        "contentHash": "eaiXkUjC4NPcquGWzAGMXjuxvLwc6XGKMptSyOGQeT0X70BUZObuybJFZLA0OfTdueLd3US23NBPTBb6iF3V1Q=="
      },
      "prometheus-net": {
        "type": "Transitive",
        "resolved": "3.1.3",
        "contentHash": "gZNREH51/UrfArdwOA6sVNfA1cRFzZwtFrCwy9o4oShYVnmvd0HRQr3QgdG5+F3kedY7aOoJ3ZU0sYTmpuZy1A=="
      },
      "protobuf-net": {
        "type": "Transitive",
        "resolved": "2.4.0",
        "contentHash": "j37MD1p1s9NdX8P5+IaY2J9p2382xiL1VP3mxYu0g+G/kf2YM2grFa1jJPO+0WDJNl1XhNPO0Q5yBEcbX77hBQ==",
        "dependencies": {
          "System.ServiceModel.Primitives": "4.5.3"
        }
      },
      "Serilog": {
        "type": "Transitive",
        "resolved": "2.5.0",
        "contentHash": "JwwkgNYNFKT4kQZ3qBV3VqPgchUg1A6FnlFa9hgyanylwBhJ7eTFl3pgLVxijFEb+oHLImRcMaTsMzBt2AG0aQ=="
      },
      "Serilog.Extensions.Logging": {
        "type": "Transitive",
        "resolved": "2.0.2",
        "contentHash": "PYAkzUn/VV16Es7U06BfEhNZEltnYWu0WFCM4d2lLY/dvlA7xMwFXBuGRxR0XvEBPoOxPorjhFLy9txwiMO6rg==",
        "dependencies": {
          "Microsoft.Extensions.Logging": "2.0.0",
          "Serilog": "2.3.0"
        }
      },
      "Serilog.Sinks.Console": {
        "type": "Transitive",
        "resolved": "3.1.1",
        "contentHash": "56mI5AqvyF/i/c2451nvV71kq370XOCE4Uu5qiaJ295sOhMb9q3BWwG7mWLOVSnmpWiq0SBT3SXfgRXGNP6vzA==",
        "dependencies": {
          "Serilog": "2.5.0"
        }
      },
      "Stateless": {
        "type": "Transitive",
        "resolved": "4.0.0",
        "contentHash": "fkVF0N/w1oajpjIv9MnW8d5s7i5bFnQQRnuDClNWyHO+iqXgRTH8E7IUNxVRyFW4xhwgBWP29EkpIqFinT3wNw==",
        "dependencies": {
          "NETStandard.Library": "1.6.1"
        }
      },
      "System.ClientModel": {
        "type": "Transitive",
        "resolved": "1.8.0",
        "contentHash": "AqRzhn0v29GGGLj/Z6gKq4lGNtvPHT4nHdG5PDJh9IfVjv/nYUVmX11hwwws1vDFeIAzrvmn0dPu8IjLtu6fAw==",
        "dependencies": {
          "Microsoft.Extensions.Logging.Abstractions": "8.0.3",
          "System.Memory.Data": "8.0.1"
        }
      },
      "System.Configuration.ConfigurationManager": {
        "type": "Transitive",
        "resolved": "4.4.1",
        "contentHash": "jz3TWKMAeuDEyrPCK5Jyt4bzQcmzUIMcY9Ud6PkElFxTfnsihV+9N/UCqvxe1z5gc7jMYAnj7V1COMS9QKIuHQ==",
        "dependencies": {
          "System.Security.Cryptography.ProtectedData": "4.4.0"
        }
      },
      "System.Diagnostics.EventLog": {
        "type": "Transitive",
        "resolved": "6.0.0",
        "contentHash": "lcyUiXTsETK2ALsZrX+nWuHSIQeazhqPphLfaRxzdGaG93+0kELqpgEHtwWOlQe7+jSFnKwaCAgL4kjeZCQJnw=="
      },
      "System.Memory.Data": {
        "type": "Transitive",
        "resolved": "8.0.1",
        "contentHash": "BVYuec3jV23EMRDeR7Dr1/qhx7369dZzJ9IWy2xylvb4YfXsrUxspWc4UWYid/tj4zZK58uGZqn2WQiaDMhmAg=="
      },
      "System.Private.ServiceModel": {
        "type": "Transitive",
        "resolved": "4.5.3",
        "contentHash": "ancrQgJagx+yC4SZbuE+eShiEAUIF0E1d21TRSoy1C/rTwafAVcBr/fKibkq5TQzyy9uNil2tx2/iaUxsy0S9g==",
        "dependencies": {
          "Microsoft.NETCore.Platforms": "2.1.0"
        }
      },
      "System.Reflection.TypeExtensions": {
        "type": "Transitive",
        "resolved": "4.7.0",
        "contentHash": "VybpaOQQhqE6siHppMktjfGBw1GCwvCqiufqmP8F1nj7fTUNtW35LOEt3UZTEsECfo+ELAl/9o9nJx3U91i7vA=="
      },
      "System.Security.Cryptography.ProtectedData": {
        "type": "Transitive",
        "resolved": "4.5.0",
        "contentHash": "wLBKzFnDCxP12VL9ANydSYhk59fC4cvOr9ypYQLPnAj48NQIhqnjdD2yhP8yEKyBJEjERWS9DisKL7rX5eU25Q=="
      },
      "System.ServiceModel.Primitives": {
        "type": "Transitive",
        "resolved": "4.5.3",
        "contentHash": "Wc9Hgg4Cmqi416zvEgq2sW1YYCGuhwWzspDclJWlFZqY6EGhFUPZU+kVpl5z9kAgrSOQP7/Uiik+PtSQtmq+5A==",
        "dependencies": {
          "System.Private.ServiceModel": "4.5.3"
        }
      },
      "System.ServiceProcess.ServiceController": {
        "type": "Transitive",
        "resolved": "4.5.0",
        "contentHash": "8DGUtcNHf9TlvSVemKMFiqcOWJ4OdGBgvpcGL/cYossGf5ApMQdPUQS8vXHTBmlbYAcG+JXsjMFGAHp2oJrr+Q==",
        "dependencies": {
          "System.Diagnostics.EventLog": "4.5.0"
        }
      },
      "xunit.abstractions": {
        "type": "Transitive",
        "resolved": "2.0.3",
        "contentHash": "pot1I4YOxlWjIb5jmwvvQNbTrZ3lJQ+jUGkGjWE3hEFM0l5gOnBWS+H3qsex68s5cO52g+44vpGzhAt+42vwKg=="
      },
      "xunit.analyzers": {
        "type": "Transitive",
        "resolved": "1.0.0",
        "contentHash": "BeO8hEgs/c8Ls2647fPfieMngncvf0D0xYNDfIO59MolxtCtVjFRd6SRc+7tj8VMqkVOuJcnc9eh4ngI2cAmLQ=="
      },
      "xunit.assert": {
        "type": "Transitive",
        "resolved": "2.4.2",
        "contentHash": "pxJISOFjn2XTTi1mcDCkRZrTFb9OtRRCtx2kZFNF51GdReLr1ls2rnyxvAS4JO247K3aNtflvh5Q0346K5BROA==",
        "dependencies": {
          "NETStandard.Library": "1.6.1"
        }
      },
      "xunit.core": {
        "type": "Transitive",
        "resolved": "2.4.2",
        "contentHash": "KB4yGCxNqIVyekhJLXtKSEq6BaXVp/JO3mbGVE1hxypZTLEe7h+sTbAhpA+yZW2dPtXTuiW+C1B2oxxHEkrmOw==",
        "dependencies": {
          "xunit.extensibility.core": "[2.4.2]",
          "xunit.extensibility.execution": "[2.4.2]"
        }
      },
      "xunit.extensibility.core": {
        "type": "Transitive",
        "resolved": "2.4.2",
        "contentHash": "W1BoXTIN1C6kpVSMw25huSet25ky6IAQUNovu3zGOGN/jWnbgSoTyCrlIhmXSg0tH5nEf8q7h3OjNHOjyu5PfA==",
        "dependencies": {
          "NETStandard.Library": "1.6.1",
          "xunit.abstractions": "2.0.3"
        }
      },
      "xunit.extensibility.execution": {
        "type": "Transitive",
        "resolved": "2.4.2",
        "contentHash": "CZmgcKkwpyo8FlupZdWpJCryrAOWLh1FBPG6gmVZuPQkGQsim/oL4PcP4nfrC2hHgXUFtluvaJ0Sp9PQKUMNpg==",
        "dependencies": {
          "NETStandard.Library": "1.6.1",
          "xunit.extensibility.core": "[2.4.2]"
        }
      },
      "es6numberserializer": {
        "type": "Project"
      },
      "jsoncanonicalizer": {
        "type": "Project",
        "dependencies": {
          "es6numberserializer": "[1.0.0, )"
        }
      },
      "microsoft.azure.devices.edge.hub.cloudproxy": {
        "type": "Project",
        "dependencies": {
          "DotNetty.Transport": "[0.7.6, )",
          "Microsoft.Azure.Devices": "[1.42.0-edgeLts, 1.42.0-edgeLts]",
          "Microsoft.Azure.Devices.Edge.Hub.Core": "[1.0.0, )",
          "Microsoft.Azure.Devices.Edge.Util": "[1.0.0, )",
          "Stateless": "[4.0.0, )"
        }
      },
      "microsoft.azure.devices.edge.hub.core": {
        "type": "Project",
        "dependencies": {
          "App.Metrics": "[3.0.0, )",
          "JetBrains.Annotations": "[2018.3.0, )",
          "Microsoft.Azure.Devices.Client": "[1.43.0-edgeLts, 1.43.0-edgeLts]",
          "Microsoft.Azure.Devices.Edge.Storage": "[1.0.0, )",
          "Microsoft.Azure.Devices.Edge.Util": "[1.0.0, )",
          "Microsoft.Azure.Devices.Routing.Core": "[1.0.0, )"
        }
      },
      "microsoft.azure.devices.edge.hub.core.test": {
        "type": "Project",
        "dependencies": {
          "JetBrains.Annotations": "[2018.3.0, )",
          "Microsoft.Azure.Devices.Edge.Hub.CloudProxy": "[1.0.0, )",
          "Microsoft.Azure.Devices.Edge.Hub.Core": "[1.0.0, )",
          "Microsoft.Azure.Devices.Edge.Util": "[1.0.0, )",
          "Microsoft.Azure.Devices.Edge.Util.Test.Common": "[1.0.0, )",
          "Microsoft.NET.Test.Sdk": "[17.3.1, )",
          "Moq": "[4.18.2, )",
          "xunit": "[2.4.2, )"
        }
      },
      "microsoft.azure.devices.edge.hub.mqtt": {
        "type": "Project",
        "dependencies": {
          "Microsoft.Azure.Devices.Edge.Hub.Core": "[1.0.0, )",
          "Microsoft.Azure.Devices.Edge.Util": "[1.0.0, )",
          "Microsoft.Azure.Devices.ProtocolGateway.Core": "[2.0.1, )",
          "Microsoft.Extensions.Configuration.Binder": "[10.0.0, )"
        }
      },
      "microsoft.azure.devices.edge.storage": {
        "type": "Project",
        "dependencies": {
          "Microsoft.Azure.Devices.Edge.Util": "[1.0.0, )",
          "protobuf-net": "[2.4.0, )"
        }
      },
      "microsoft.azure.devices.edge.test.common": {
        "type": "Project",
        "dependencies": {
          "Azure.Identity": "[1.17.1, )",
          "Azure.Messaging.EventHubs": "[5.12.2, )",
          "Microsoft.Azure.Devices": "[1.42.0-edgeLts, 1.42.0-edgeLts]",
          "Microsoft.Azure.Devices.Client": "[1.43.0-edgeLts, 1.43.0-edgeLts]",
          "Microsoft.Azure.Devices.Edge.Util": "[1.0.0, )",
          "Microsoft.Extensions.Configuration.Binder": "[10.0.0, )",
          "Microsoft.Extensions.Configuration.EnvironmentVariables": "[10.0.0, )",
          "Microsoft.Extensions.Configuration.Json": "[10.0.0, )",
          "Nett": "[0.15.0, )",
          "Newtonsoft.Json": "[13.0.3, )",
          "System.ServiceProcess.ServiceController": "[4.5.0, )"
        }
      },
      "microsoft.azure.devices.edge.util": {
        "type": "Project",
        "dependencies": {
          "App.Metrics.Formatters.Prometheus": "[4.3.0, )",
          "Microsoft.Extensions.Configuration.Binder": "[10.0.0, )",
          "Microsoft.Extensions.Logging": "[10.0.0, )",
          "Newtonsoft.Json": "[13.0.3, )",
          "Nito.AsyncEx": "[5.0.0, )",
          "Serilog.Extensions.Logging": "[2.0.2, )",
          "Serilog.Sinks.Console": "[3.1.1, )",
          "es6numberserializer": "[1.0.0, )",
          "jsoncanonicalizer": "[1.0.0, )",
          "prometheus-net": "[3.1.3, )"
        }
      },
      "microsoft.azure.devices.edge.util.test": {
        "type": "Project",
        "dependencies": {
          "Microsoft.AspNetCore.Mvc.NewtonsoftJson": "[10.0.0, )",
          "Microsoft.AspNetCore.TestHost": "[10.0.0, )",
          "Microsoft.Azure.Devices.Edge.Util": "[1.0.0, )",
          "Microsoft.Azure.Devices.Edge.Util.Test.Common": "[1.0.0, )",
          "Microsoft.NET.Test.Sdk": "[17.3.1, )",
          "Moq": "[4.18.2, )",
          "xunit": "[2.4.2, )"
        }
      },
      "microsoft.azure.devices.edge.util.test.common": {
        "type": "Project",
        "dependencies": {
          "Microsoft.Azure.Devices.Edge.Util": "[1.0.0, )",
          "Microsoft.Extensions.Configuration": "[10.0.0, )",
          "Microsoft.Extensions.Configuration.EnvironmentVariables": "[10.0.0, )",
          "Microsoft.Extensions.Configuration.Json": "[10.0.0, )",
          "Microsoft.IdentityModel.Clients.ActiveDirectory": "[4.5.1, )",
          "Microsoft.IdentityModel.Tokens": "[5.4.0, )",
          "Newtonsoft.Json": "[13.0.3, )",
          "xunit.assert": "[2.4.1, )",
          "xunit.extensibility.core": "[2.4.1, )"
        }
      },
      "microsoft.azure.devices.routing.core": {
        "type": "Project",
        "dependencies": {
          "Antlr4": "[4.6.6, )",
          "App.Metrics": "[3.0.0, )",
          "Microsoft.Azure.Devices.Edge.Util": "[1.0.0, )",
          "Microsoft.Extensions.Logging.Console": "[10.0.0, )",
          "System.Reflection.TypeExtensions": "[4.5.1, )"
        }
      }
    }
  }
}