{
  "version": 1,
  "dependencies": {
    "net10.0": {
      "Azure.Storage.Blobs": {
        "type": "Direct",
        "requested": "[12.19.1, )",
        "resolved": "12.19.1",
        "contentHash": "x43hWFJ4sPQ23TD4piCwT+KlQpZT8pNDAzqj6yUCqh+WJ2qcQa17e1gh6ZOeT2QNFQTTDSuR56fm2bIV7i11/w==",
        "dependencies": {
          "Azure.Storage.Common": "12.18.1"
        }
      },
      "Microsoft.Azure.Devices.Client": {
        "type": "Direct",
        "requested": "[1.43.0-edgeLts, )",
        "resolved": "1.43.0-edgeLts",
        "contentHash": "lmcZUT04unp09ZoY9RdXTHjjsZrKs1oFotyvOlZBpsYD06R0/CTpfjbuk54LOqkH0NDk2lErnPAH/+/FE04fMg==",
        "dependencies": {
          "MQTTnet": "5.1.0.1559",
          "Microsoft.Azure.Amqp": "2.6.9",
          "Microsoft.Azure.Devices.Shared": "1.31.0-edgeLts",
          "Newtonsoft.Json": "13.0.3",
          "System.Configuration.ConfigurationManager": "4.4.1"
        }
      },
      "Akka": {
        "type": "Transitive",
        "resolved": "1.4.49",
        "contentHash": "MFDjILsprnPQhI0s77PFR7yR7FDeSlKex6JJMHPgIGEv689r2Z67AsBWZJ2+Joca6bsWvwFeD067lT4tjrUkxA==",
        "dependencies": {
          "Microsoft.Extensions.ObjectPool": "5.0.5",
          "Newtonsoft.Json": "13.0.1",
          "System.Configuration.ConfigurationManager": "6.0.1"
        }
      },
      "Akka.Streams": {
        "type": "Transitive",
        "resolved": "1.4.49",
        "contentHash": "MLpyjSfuYK+NH241PswdWuGRAOuelKxn/3DjNNsUJnp8AiBMPlqaLABpj35BkvjiQZnjAFGXrcawrs0OLm2ZsQ==",
        "dependencies": {
          "Akka": "1.4.49",
          "Google.Protobuf": "3.19.4",
          "Microsoft.Bcl.AsyncInterfaces": "5.0.0",
          "Reactive.Streams": "1.0.2",
          "System.Reflection.TypeExtensions": "4.7.0"
        }
      },
      "App.Metrics.Abstractions": {
        "type": "Transitive",
        "resolved": "4.3.0",
        "contentHash": "ekSlyVgN6foN6rmwVmRGBr0j5ufgRPsO5f7Md2fc3q44vkBNYpjsRLiUQsIXCSVI3NHorkrZh8aL4eRcLkVDGw==",
        "dependencies": {
          "Microsoft.Bcl.AsyncInterfaces": "1.0.0"
        }
      },
      "App.Metrics.Concurrency": {
        "type": "Transitive",
        "resolved": "4.3.0",
        "contentHash": "otryWX9AR7wLPD49glbxvbYc16pnDOEezHsAtf5oVjhAa/fD+fjhI11MOgzBOjFpkH7z2FLl/gtZ0lwSdNxSag=="
      },
      "App.Metrics.Core": {
        "type": "Transitive",
        "resolved": "4.3.0",
        "contentHash": "HhW4n2fF+WBi6ctCpwsYkKCSeLhG5Y17e31kSkdESNAdPvroI9szlzW3WoY20qsB3bCldrGPPnCN6jXI1t3agA==",
        "dependencies": {
          "App.Metrics.Abstractions": "4.3.0",
          "App.Metrics.Concurrency": "4.3.0",
          "App.Metrics.Formatters.Ascii": "4.3.0"
        }
      },
      "App.Metrics.Formatters.Ascii": {
        "type": "Transitive",
        "resolved": "4.3.0",
        "contentHash": "PPacBFRji8wTGv8rs13fPmAVlOit7CAvkdPkZ6aYgtUa75e0v4fYzwqPcLxokCqdQXW96PpKPfC0VZZeDkgljg==",
        "dependencies": {
          "App.Metrics.Abstractions": "4.3.0"
        }
      },
      "App.Metrics.Formatters.Prometheus": {
        "type": "Transitive",
        "resolved": "4.3.0",
        "contentHash": "cVJZX5jiMxt+YytjpbMw52reN47LGL3XsCljzNH9Pb+Op9iSTazc4pa+/fX+FdpbhH/Zt+5hjdYiqOLFol0wGg==",
        "dependencies": {
          "App.Metrics.Core": "4.3.0",
          "protobuf-net": "2.4.0"
        }
      },
      "Azure.Core": {
        "type": "Transitive",
        "resolved": "1.36.0",
        "contentHash": "vwqFZdHS4dzPlI7FFRkPx9ctA+aGGeRev3gnzG8lntWvKMmBhAmulABi1O9CEvS3/jzYt7yA+0pqVdxkpAd7dQ==",
        "dependencies": {
          "Microsoft.Bcl.AsyncInterfaces": "1.1.1",
          "System.Memory.Data": "1.0.2"
        }
      },
      "Azure.Storage.Common": {
        "type": "Transitive",
        "resolved": "12.18.1",
        "contentHash": "ohCslqP9yDKIn+DVjBEOBuieB1QwsUCz+BwHYNaJ3lcIsTSiI4Evnq81HcKe8CqM8qvdModbipVQKpnxpbdWqA==",
        "dependencies": {
          "Azure.Core": "1.36.0",
          "System.IO.Hashing": "6.0.0"
        }
      },
      "Google.Protobuf": {
        "type": "Transitive",
        "resolved": "3.19.4",
        "contentHash": "fd07/ykL4O4FhqrZIELm5lmiyOHfdPg9+o+hWr6tcfRdS7tHXnImg/2wtogLzlW2eEmr0J7j6ZrZvaWOLiJbxQ=="
      },
      "Microsoft.Azure.Amqp": {
        "type": "Transitive",
        "resolved": "2.6.9",
        "contentHash": "5i9XzfqxK1H5IBl+OuOV1jwJdrOvi5RUwsZgVOryZm0GCzcM9NWPNRxzPAbsSeaR2T6+1gGvdT3vR+Vbha6KFQ=="
      },
      "Microsoft.Azure.Devices.Shared": {
        "type": "Transitive",
        "resolved": "1.31.0-edgeLts",
        "contentHash": "l7s3CZ8BgOGeKX9QwH9z/GusCSwLP/A3SEycPQN4P82YCw7KCuvXDUuVZha1l2qZAzD5bkHBXzoOYWK1HWqr2Q==",
        "dependencies": {
          "Newtonsoft.Json": "13.0.3"
        }
      },
      "Microsoft.Bcl.AsyncInterfaces": {
        "type": "Transitive",
        "resolved": "5.0.0",
        "contentHash": "W8DPQjkMScOMTtJbPwmPyj9c3zYSFGawDW3jwlBOOsnY+EzZFLgNQ/UMkK35JmkNOVPdCyPr2Tw7Vv9N+KA3ZQ=="
      },
      "Microsoft.Extensions.Configuration": {
        "type": "Transitive",
        "resolved": "10.0.0",
        "contentHash": "H4SWETCh/cC5L1WtWchHR6LntGk3rDTTznZMssr4cL8IbDmMWBxY+MOGDc/ASnqNolLKPIWHWeuC1ddiL/iNPw==",
        "dependencies": {
          "Microsoft.Extensions.Configuration.Abstractions": "10.0.0",
          "Microsoft.Extensions.Primitives": "10.0.0"
        }
      },
      "Microsoft.Extensions.Configuration.Abstractions": {
        "type": "Transitive",
        "resolved": "10.0.0",
        "contentHash": "d2kDKnCsJvY7mBVhcjPSp9BkJk48DsaHPg5u+Oy4f8XaOqnEedRy/USyvnpHL92wpJ6DrTPy7htppUUzskbCXQ==",
        "dependencies": {
          "Microsoft.Extensions.Primitives": "10.0.0"
        }
      },
      "Microsoft.Extensions.Configuration.Binder": {
        "type": "Transitive",
        "resolved": "10.0.0",
        "contentHash": "tMF9wNh+hlyYDWB8mrFCQHQmWHlRosol1b/N2Jrefy1bFLnuTlgSYmPyHNmz8xVQgs7DpXytBRWxGhG+mSTp0g==",
        "dependencies": {
          "Microsoft.Extensions.Configuration": "10.0.0",
          "Microsoft.Extensions.Configuration.Abstractions": "10.0.0"
        }
      },
      "Microsoft.Extensions.DependencyInjection": {
        "type": "Transitive",
        "resolved": "10.0.0",
        "contentHash": "f0RBabswJq+gRu5a+hWIobrLWiUYPKMhCD9WO3sYBAdSy3FFH14LMvLVFZc2kPSCimBLxSuitUhsd6tb0TAY6A==",
        "dependencies": {
          "Microsoft.Extensions.DependencyInjection.Abstractions": "10.0.0"
        }
      },
      "Microsoft.Extensions.DependencyInjection.Abstractions": {
        "type": "Transitive",
        "resolved": "10.0.0",
        "contentHash": "L3AdmZ1WOK4XXT5YFPEwyt0ep6l8lGIPs7F5OOBZc77Zqeo01Of7XXICy47628sdVl0v/owxYJTe86DTgFwKCA=="
      },
      "Microsoft.Extensions.Logging": {
        "type": "Transitive",
        "resolved": "10.0.0",
        "contentHash": "BStFkd5CcnEtarlcgYDBcFzGYCuuNMzPs02wN3WBsOFoYIEmYoUdAiU+au6opzoqfTYJsMTW00AeqDdnXH2CvA==",
        "dependencies": {
          "Microsoft.Extensions.DependencyInjection": "10.0.0",
          "Microsoft.Extensions.Logging.Abstractions": "10.0.0",
          "Microsoft.Extensions.Options": "10.0.0"
        }
      },
      "Microsoft.Extensions.Logging.Abstractions": {
        "type": "Transitive",
        "resolved": "10.0.0",
        "contentHash": "FU/IfjDfwaMuKr414SSQNTIti/69bHEMb+QKrskRb26oVqpx3lNFXMjs/RC9ZUuhBhcwDM2BwOgoMw+PZ+beqQ==",
        "dependencies": {
          "Microsoft.Extensions.DependencyInjection.Abstractions": "10.0.0"
        }
      },
      "Microsoft.Extensions.ObjectPool": {
        "type": "Transitive",
        "resolved": "5.0.5",
        "contentHash": "ZfM20uUR0tf50Av8blG6hgdsveRKDiY3nd/1itwfFfXVw7GmO/DxhU1wZzt/TTk1+S6XTf56dTSgeOP9V/qwBA=="
      },
      "Microsoft.Extensions.Options": {
        "type": "Transitive",
        "resolved": "10.0.0",
        "contentHash": "8oCAgXOow5XDrY9HaXX1QmH3ORsyZO/ANVHBlhLyCeWTH5Sg4UuqZeOTWJi6484M+LqSx0RqQXDJtdYy2BNiLQ==",
        "dependencies": {
          "Microsoft.Extensions.DependencyInjection.Abstractions": "10.0.0",
          "Microsoft.Extensions.Primitives": "10.0.0"
        }
      },
      "Microsoft.Extensions.Primitives": {
        "type": "Transitive",
        "resolved": "10.0.0",
        "contentHash": "inRnbpCS0nwO/RuoZIAqxQUuyjaknOOnCEZB55KSMMjRhl0RQDttSmLSGsUJN3RQ3ocf5NDLFd2mOQViHqMK5w=="
      },
      "Microsoft.NETCore.Platforms": {
        "type": "Transitive",
        "resolved": "2.1.0",
        "contentHash": "ok+RPAtESz/9MUXeIEz6Lv5XAGQsaNmEYXMsgVALj4D7kqC8gveKWXWXbufLySR2fWrwZf8smyN5RmHu0e4BHA=="
      },
      "Microsoft.Win32.SystemEvents": {
        "type": "Transitive",
        "resolved": "6.0.0",
        "contentHash": "hqTM5628jSsQiv+HGpiq3WKBl2c8v1KZfby2J6Pr7pEPlK9waPdgEO6b8A/+/xn/yZ9ulv8HuqK71ONy2tg67A=="
      },
      "MQTTnet": {
        "type": "Transitive",
        "resolved": "5.1.0.1559",
        "contentHash": "9mkk0H+76CToIzp9ru5Uj5BuC3P5hQdkhvXM+CLmmTDdZWqajjICCHuUMbDd1yVBt9BWL77Rvzt0A+/PA4WMCA=="
      },
      "NETStandard.Library": {
        "type": "Transitive",
        "resolved": "1.6.0",
        "contentHash": "ypsCvIdCZ4IoYASJHt6tF2fMo7N30NLgV1EbmC+snO490OMl9FvVxmumw14rhReWU3j3g7BYudG6YCrchwHJlA==",
        "dependencies": {
          "Microsoft.NETCore.Platforms": "1.0.1"
        }
      },
      "Newtonsoft.Json": {
        "type": "Transitive",
        "resolved": "13.0.3",
        "contentHash": "HrC5BXdl00IP9zeV+0Z848QWPAoCr9P3bDEZguI+gkLcBKAOxix/tLEAAHC+UvDNPv4a2d18lOReHMOagPa+zQ=="
      },
      "Nito.AsyncEx": {
        "type": "Transitive",
        "resolved": "5.0.0",
        "contentHash": "EgeMl8BoaLg6mOXs7MVjl3uqUqZlL0uYti2/G128EA60U9UqoYlF0AMtGOA1/EP+bvrjcvixK8D3MLpwr2dnSw==",
        "dependencies": {
          "Nito.AsyncEx.Context": "5.0.0",
          "Nito.AsyncEx.Coordination": "5.0.0",
          "Nito.AsyncEx.Interop.WaitHandles": "5.0.0",
          "Nito.AsyncEx.Oop": "5.0.0",
          "Nito.AsyncEx.Tasks": "5.0.0",
          "Nito.Cancellation": "1.0.5"
        }
      },
      "Nito.AsyncEx.Context": {
        "type": "Transitive",
        "resolved": "5.0.0",
        "contentHash": "Qnth1Ye+QSLg8P3fSFYzk7ue6oUUHQcKpLitgAig8xRFqTK5W1KTlfxF/Z8Eo0BuqZ17a5fAGtXrdKJsLqivZw==",
        "dependencies": {
          "Nito.AsyncEx.Tasks": "5.0.0"
        }
      },
      "Nito.AsyncEx.Coordination": {
        "type": "Transitive",
        "resolved": "5.0.0",
        "contentHash": "kjauyO8UMo/FGZO/M8TdjXB8ZlBPFOiRN8yakThaGQbYOywazQ0kGZ39SNr2gNNzsTxbZOUudBMYNo+IrtscbA==",
        "dependencies": {
          "Nito.AsyncEx.Tasks": "5.0.0",
          "Nito.Collections.Deque": "1.0.4",
          "Nito.Disposables": "2.0.0"
        }
      },
      "Nito.AsyncEx.Interop.WaitHandles": {
        "type": "Transitive",
        "resolved": "5.0.0",
        "contentHash": "roX7jQ7AAEw3CUq/oRj/ACcN1XtfO6fSbYSAjMtjvacN9pqY7Uq2reBFaosbMaMt16EcW+Xw3PwczKzHdZFPRA==",
        "dependencies": {
          "Nito.AsyncEx.Tasks": "5.0.0"
        }
      },
      "Nito.AsyncEx.Oop": {
        "type": "Transitive",
        "resolved": "5.0.0",
        "contentHash": "SKyHsxzXD8b69tPPgMDh7mgMx7GdaSfJ1h2eNS+z2Z/vHsutXTl1sYLOO30fiIkv1umvI1g8GySvYLpVlpt6yA==",
        "dependencies": {
          "Nito.AsyncEx.Coordination": "5.0.0"
        }
      },
      "Nito.AsyncEx.Tasks": {
        "type": "Transitive",
        "resolved": "5.0.0",
        "contentHash": "ZtvotignafOLteP4oEjVcF3k2L8h73QUCaFpVKWbU+EOlW/I+JGkpMoXIl0rlwPcDmR84RxzggLRUNMaWlOosA==",
        "dependencies": {
          "Nito.Disposables": "2.0.0"
        }
      },
      "Nito.Cancellation": {
        "type": "Transitive",
        "resolved": "1.0.5",
        "contentHash": "/MehN8HvuOgPZsNmqyu0UdPWXCAJVqcy0LEqw1Ch1++ag1h0qPt5YLH+BCIMFDC5UMW/4RzJW2GdRDYg7Vi2yA==",
        "dependencies": {
          "Nito.Disposables": "1.2.3"
        }
      },
      "Nito.Collections.Deque": {
        "type": "Transitive",
        "resolved": "1.0.4",
        "contentHash": "yGDKqCQ61i97MyfEUYG6+ln5vxpx11uA5M9+VV9B7stticbFm19YMI/G9w4AFYVBj5PbPi138P8IovkMFAL0Aw=="
      },
      "Nito.Disposables": {
        "type": "Transitive",
        "resolved": "2.0.0",
        "contentHash": "ExJl/jTjegSLHGcwnmaYaI5xIlrefAsVdeLft7VLtXI2+W5irihiu36LizWvlaUpzY1/llo+YSh09uSHMu2VFw=="
      },
      "prometheus-net": {
        "type": "Transitive",
        "resolved": "3.1.3",
        "contentHash": "gZNREH51/UrfArdwOA6sVNfA1cRFzZwtFrCwy9o4oShYVnmvd0HRQr3QgdG5+F3kedY7aOoJ3ZU0sYTmpuZy1A=="
      },
      "protobuf-net": {
        "type": "Transitive",
        "resolved": "2.4.0",
        "contentHash": "j37MD1p1s9NdX8P5+IaY2J9p2382xiL1VP3mxYu0g+G/kf2YM2grFa1jJPO+0WDJNl1XhNPO0Q5yBEcbX77hBQ==",
        "dependencies": {
          "System.ServiceModel.Primitives": "4.5.3"
        }
      },
      "Reactive.Streams": {
        "type": "Transitive",
        "resolved": "1.0.2",
        "contentHash": "Pux+eMwOLJGx7nKbODddR1HJuyWNQck1ZdR8klCiezCXF8G19YLu9l94PjFivzRCL/mKVOXWA3O3MaTQkNsNLA==",
        "dependencies": {
          "NETStandard.Library": "1.6.0"
        }
      },
      "Serilog": {
        "type": "Transitive",
        "resolved": "2.5.0",
        "contentHash": "JwwkgNYNFKT4kQZ3qBV3VqPgchUg1A6FnlFa9hgyanylwBhJ7eTFl3pgLVxijFEb+oHLImRcMaTsMzBt2AG0aQ=="
      },
      "Serilog.Extensions.Logging": {
        "type": "Transitive",
        "resolved": "2.0.2",
        "contentHash": "PYAkzUn/VV16Es7U06BfEhNZEltnYWu0WFCM4d2lLY/dvlA7xMwFXBuGRxR0XvEBPoOxPorjhFLy9txwiMO6rg==",
        "dependencies": {
          "Microsoft.Extensions.Logging": "2.0.0",
          "Serilog": "2.3.0"
        }
      },
      "Serilog.Sinks.Console": {
        "type": "Transitive",
        "resolved": "3.1.1",
        "contentHash": "56mI5AqvyF/i/c2451nvV71kq370XOCE4Uu5qiaJ295sOhMb9q3BWwG7mWLOVSnmpWiq0SBT3SXfgRXGNP6vzA==",
        "dependencies": {
          "Serilog": "2.5.0"
        }
      },
      "System.Configuration.ConfigurationManager": {
        "type": "Transitive",
        "resolved": "6.0.1",
        "contentHash": "jXw9MlUu/kRfEU0WyTptAVueupqIeE3/rl0EZDMlf8pcvJnitQ8HeVEp69rZdaStXwTV72boi/Bhw8lOeO+U2w==",
        "dependencies": {
          "System.Security.Cryptography.ProtectedData": "6.0.0",
          "System.Security.Permissions": "6.0.0"
        }
      },
      "System.Drawing.Common": {
        "type": "Transitive",
        "resolved": "6.0.0",
        "contentHash": "NfuoKUiP2nUWwKZN6twGqXioIe1zVD0RIj2t976A+czLHr2nY454RwwXs6JU9Htc6mwqL6Dn/nEL3dpVf2jOhg==",
        "dependencies": {
          "Microsoft.Win32.SystemEvents": "6.0.0"
        }
      },
      "System.IO.Hashing": {
        "type": "Transitive",
        "resolved": "6.0.0",
        "contentHash": "Rfm2jYCaUeGysFEZjDe7j1R4x6Z6BzumS/vUT5a1AA/AWJuGX71PoGB0RmpyX3VmrGqVnAwtfMn39OHR8Y/5+g=="
      },
      "System.Memory.Data": {
        "type": "Transitive",
        "resolved": "1.0.2",
        "contentHash": "JGkzeqgBsiZwKJZ1IxPNsDFZDhUvuEdX8L8BDC8N3KOj+6zMcNU28CNN59TpZE/VJYy9cP+5M+sbxtWJx3/xtw=="
      },
      "System.Private.ServiceModel": {
        "type": "Transitive",
        "resolved": "4.5.3",
        "contentHash": "ancrQgJagx+yC4SZbuE+eShiEAUIF0E1d21TRSoy1C/rTwafAVcBr/fKibkq5TQzyy9uNil2tx2/iaUxsy0S9g==",
        "dependencies": {
          "Microsoft.NETCore.Platforms": "2.1.0"
        }
      },
      "System.Reactive": {
        "type": "Transitive",
        "resolved": "4.1.3",
        "contentHash": "f8h852UoSUU7j7LpXJbuC1yXMqjgp4jRPzbOeQ7ClyX9CksVEkYeyhgiSJhzBHpizNNzEAIltJ+9iU2NU92Tew==",
        "dependencies": {
          "System.Runtime.InteropServices.WindowsRuntime": "4.3.0"
        }
      },
      "System.Reflection.TypeExtensions": {
        "type": "Transitive",
        "resolved": "4.7.0",
        "contentHash": "VybpaOQQhqE6siHppMktjfGBw1GCwvCqiufqmP8F1nj7fTUNtW35LOEt3UZTEsECfo+ELAl/9o9nJx3U91i7vA=="
      },
      "System.Runtime.InteropServices.WindowsRuntime": {
        "type": "Transitive",
        "resolved": "4.3.0",
        "contentHash": "J4GUi3xZQLUBasNwZnjrffN8i5wpHrBtZoLG+OhRyGo/+YunMRWWtwoMDlUAIdmX0uRfpHIBDSV6zyr3yf00TA=="
      },
      "System.Security.Cryptography.ProtectedData": {
        "type": "Transitive",
        "resolved": "6.0.0",
        "contentHash": "rp1gMNEZpvx9vP0JW0oHLxlf8oSiQgtno77Y4PLUBjSiDYoD77Y8uXHr1Ea5XG4/pIKhqAdxZ8v8OTUtqo9PeQ=="
      },
      "System.Security.Permissions": {
        "type": "Transitive",
        "resolved": "6.0.0",
        "contentHash": "T/uuc7AklkDoxmcJ7LGkyX1CcSviZuLCa4jg3PekfJ7SU0niF0IVTXwUiNVP9DSpzou2PpxJ+eNY2IfDM90ZCg==",
        "dependencies": {
          "System.Windows.Extensions": "6.0.0"
        }
      },
      "System.ServiceModel.Primitives": {
        "type": "Transitive",
        "resolved": "4.5.3",
        "contentHash": "Wc9Hgg4Cmqi416zvEgq2sW1YYCGuhwWzspDclJWlFZqY6EGhFUPZU+kVpl5z9kAgrSOQP7/Uiik+PtSQtmq+5A==",
        "dependencies": {
          "System.Private.ServiceModel": "4.5.3"
        }
      },
      "System.Windows.Extensions": {
        "type": "Transitive",
        "resolved": "6.0.0",
        "contentHash": "IXoJOXIqc39AIe+CIR7koBtRGMiCt/LPM3lI+PELtDIy9XdyeSrwXFdWV9dzJ2Awl0paLWUaknLxFQ5HpHZUog==",
        "dependencies": {
          "System.Drawing.Common": "6.0.0"
        }
      },
      "es6numberserializer": {
        "type": "Project"
      },
      "jsoncanonicalizer": {
        "type": "Project",
        "dependencies": {
          "es6numberserializer": "[1.0.0, )"
        }
      },
      "microsoft.azure.devices.edge.agent.core": {
        "type": "Project",
        "dependencies": {
          "Akka.Streams": "[1.4.49, )",
          "Microsoft.Azure.Devices.Edge.Storage": "[1.0.0, )",
          "Microsoft.Azure.Devices.Edge.Util": "[1.0.0, )",
          "Microsoft.Extensions.Configuration": "[10.0.0, )",
          "System.Reactive": "[4.1.3, )"
        }
      },
      "microsoft.azure.devices.edge.storage": {
        "type": "Project",
        "dependencies": {
          "Microsoft.Azure.Devices.Edge.Util": "[1.0.0, )",
          "protobuf-net": "[2.4.0, )"
        }
      },
      "microsoft.azure.devices.edge.util": {
        "type": "Project",
        "dependencies": {
          "App.Metrics.Formatters.Prometheus": "[4.3.0, )",
          "Microsoft.Extensions.Configuration.Binder": "[10.0.0, )",
          "Microsoft.Extensions.Logging": "[10.0.0, )",
          "Newtonsoft.Json": "[13.0.3, )",
          "Nito.AsyncEx": "[5.0.0, )",
          "Serilog.Extensions.Logging": "[2.0.2, )",
          "Serilog.Sinks.Console": "[3.1.1, )",
          "es6numberserializer": "[1.0.0, )",
          "jsoncanonicalizer": "[1.0.0, )",
          "prometheus-net": "[3.1.3, )"
        }
      }
    }
  }
}