Microsoft Visual Studio Solution File, Format Version 12.00
# Visual Studio Version 17
VisualStudioVersion = 17.5.2.0
MinimumVisualStudioVersion = 10.0.40219.1
Project("{FAE04EC0-301F-11D3-BF4B-00C04F79EFBC}") = "iot-service", "iot-service.csproj", "{F860AFD6-97D7-0FA0-27E9-94EEDAC590A3}"
EndProject
Global
	GlobalSection(SolutionConfigurationPlatforms) = preSolution
		Debug|Any CPU = Debug|Any CPU
		Release|Any CPU = Release|Any CPU
	EndGlobalSection
	GlobalSection(ProjectConfigurationPlatforms) = postSolution
		{F860AFD6-97D7-0FA0-27E9-94EEDAC590A3}.Debug|Any CPU.ActiveCfg = Debug|Any CPU
		{F860AFD6-97D7-0FA0-27E9-94EEDAC590A3}.Debug|Any CPU.Build.0 = Debug|Any CPU
		{F860AFD6-97D7-0FA0-27E9-94EEDAC590A3}.Release|Any CPU.ActiveCfg = Release|Any CPU
		{F860AFD6-97D7-0FA0-27E9-94EEDAC590A3}.Release|Any CPU.Build.0 = Release|Any CPU
	EndGlobalSection
	GlobalSection(SolutionProperties) = preSolution
		HideSolutionNode = FALSE
	EndGlobalSection
	GlobalSection(ExtensibilityGlobals) = postSolution
		SolutionGuid = {9F0BC883-FF7A-4FCB-9E28-FD73396C1280}
	EndGlobalSection
EndGlobal
