{
  "version": 1,
  "dependencies": {
    "net8.0": {
      "Microsoft.Azure.Devices.Client": {
        "type": "Direct",
        "requested": "[1.36.10, )",
        "resolved": "1.36.10",
        "contentHash": "jzvpHqH/FgyAPvDgQVrpgFhqzbo9FA5k5nqfRRZ6ghTGUsEmtjUGCbzvq9m2tm970G8HBOv7vwqgC7X678JXiw==",
        "dependencies": {
          "Azure.Storage.Blobs": "12.19.1",
          "DotNetty.Codecs.Mqtt": "0.7.6",
          "DotNetty.Handlers": "0.7.6",
          "Microsoft.Azure.Amqp": "2.5.12",
          "Microsoft.Azure.Devices.Shared": "1.27.2",
          "Microsoft.Win32.Registry": "4.5.0",
          "Newtonsoft.Json": "12.0.3",
          "System.Configuration.ConfigurationManager": "4.4.1"
        }
      },
      "Microsoft.Extensions.Configuration": {
        "type": "Direct",
        "requested": "[10.0.5, )",
        "resolved": "10.0.5",
        "contentHash": "8Rx5sqg04FttxrumyG6bmoRuFRgYzK6IVwF1i0/o0cXfKBdDeVpJejKHtJCMjyg9E/DNMVqpqOGe/tCT5gYvVA==",
        "dependencies": {
          "Microsoft.Extensions.Configuration.Abstractions": "10.0.5",
          "Microsoft.Extensions.Primitives": "10.0.5"
        }
      },
      "Microsoft.Extensions.Configuration.Abstractions": {
        "type": "Direct",
        "requested": "[10.0.5, )",
        "resolved": "10.0.5",
        "contentHash": "P09QpTHjqHmCLQOTC+WyLkoRNxek4NIvfWt+TnU0etoDUSRxcltyd6+j/ouRbMdLR0j44GqGO+lhI2M4fAHG4g==",
        "dependencies": {
          "Microsoft.Extensions.Primitives": "10.0.5"
        }
      },
      "Microsoft.Extensions.Configuration.Binder": {
        "type": "Direct",
        "requested": "[10.0.5, )",
        "resolved": "10.0.5",
        "contentHash": "99Z4rjyXopb1MIazDSPcvwYCUdYNO01Cf1GUs2WUjIFAbkGmwzj2vPa2k+3pheJRV+YgNd2QqRKHAri0oBAU4Q==",
        "dependencies": {
          "Microsoft.Extensions.Configuration": "10.0.5",
          "Microsoft.Extensions.Configuration.Abstractions": "10.0.5"
        }
      },
      "Microsoft.Extensions.Configuration.EnvironmentVariables": {
        "type": "Direct",
        "requested": "[10.0.5, )",
        "resolved": "10.0.5",
        "contentHash": "tchMGQ+zVTO40np/Zzg2Li/TIR8bksQgg4UVXZa0OzeFCKWnIYtxE2FVs+eSmjPGCjMS2voZbwN/mUcYfpSTuA==",
        "dependencies": {
          "Microsoft.Extensions.Configuration": "10.0.5",
          "Microsoft.Extensions.Configuration.Abstractions": "10.0.5"
        }
      },
      "Microsoft.Extensions.Configuration.FileExtensions": {
        "type": "Direct",
        "requested": "[10.0.5, )",
        "resolved": "10.0.5",
        "contentHash": "OhTr0O79dP49734lLTqVveivVX9sDXxbI/8vjELAZTHXqoN90mdpgTAgwicJED42iaHMCcZcK6Bj+8wNyBikaw==",
        "dependencies": {
          "Microsoft.Extensions.Configuration": "10.0.5",
          "Microsoft.Extensions.Configuration.Abstractions": "10.0.5",
          "Microsoft.Extensions.FileProviders.Abstractions": "10.0.5",
          "Microsoft.Extensions.FileProviders.Physical": "10.0.5",
          "Microsoft.Extensions.Primitives": "10.0.5"
        }
      },
      "Microsoft.Extensions.Configuration.Json": {
        "type": "Direct",
        "requested": "[10.0.5, )",
        "resolved": "10.0.5",
        "contentHash": "brBM/WP0YAUYh2+QqSYVdK8eQHYQTtTEUJXJ+84Zkdo2buGLja9VSrMIhgoeBUU7JBmcskAib8Lb/N83bvxgYQ==",
        "dependencies": {
          "Microsoft.Extensions.Configuration": "10.0.5",
          "Microsoft.Extensions.Configuration.Abstractions": "10.0.5",
          "Microsoft.Extensions.Configuration.FileExtensions": "10.0.5",
          "Microsoft.Extensions.FileProviders.Abstractions": "10.0.5",
          "System.Text.Json": "10.0.5"
        }
      },
      "System.Runtime.Loader": {
        "type": "Direct",
        "requested": "[4.3.0, )",
        "resolved": "4.3.0",
        "contentHash": "DHMaRn8D8YCK2GG2pw+UzNxn/OHVfaWx7OTLBD/hPegHZZgcZh3H6seWegrC4BYwsfuGrywIuT+MQs+rPqRLTQ==",
        "dependencies": {
          "System.IO": "4.3.0",
          "System.Reflection": "4.3.0",
          "System.Runtime": "4.3.0"
        }
      },
      "App.Metrics.Abstractions": {
        "type": "Transitive",
        "resolved": "4.3.0",
        "contentHash": "ekSlyVgN6foN6rmwVmRGBr0j5ufgRPsO5f7Md2fc3q44vkBNYpjsRLiUQsIXCSVI3NHorkrZh8aL4eRcLkVDGw==",
        "dependencies": {
          "Microsoft.Bcl.AsyncInterfaces": "1.0.0"
        }
      },
      "App.Metrics.Concurrency": {
        "type": "Transitive",
        "resolved": "4.3.0",
        "contentHash": "otryWX9AR7wLPD49glbxvbYc16pnDOEezHsAtf5oVjhAa/fD+fjhI11MOgzBOjFpkH7z2FLl/gtZ0lwSdNxSag=="
      },
      "App.Metrics.Core": {
        "type": "Transitive",
        "resolved": "4.3.0",
        "contentHash": "HhW4n2fF+WBi6ctCpwsYkKCSeLhG5Y17e31kSkdESNAdPvroI9szlzW3WoY20qsB3bCldrGPPnCN6jXI1t3agA==",
        "dependencies": {
          "App.Metrics.Abstractions": "4.3.0",
          "App.Metrics.Concurrency": "4.3.0",
          "App.Metrics.Formatters.Ascii": "4.3.0",
          "Microsoft.CSharp": "4.4.0"
        }
      },
      "App.Metrics.Formatters.Ascii": {
        "type": "Transitive",
        "resolved": "4.3.0",
        "contentHash": "PPacBFRji8wTGv8rs13fPmAVlOit7CAvkdPkZ6aYgtUa75e0v4fYzwqPcLxokCqdQXW96PpKPfC0VZZeDkgljg==",
        "dependencies": {
          "App.Metrics.Abstractions": "4.3.0"
        }
      },
      "App.Metrics.Formatters.Prometheus": {
        "type": "Transitive",
        "resolved": "4.3.0",
        "contentHash": "cVJZX5jiMxt+YytjpbMw52reN47LGL3XsCljzNH9Pb+Op9iSTazc4pa+/fX+FdpbhH/Zt+5hjdYiqOLFol0wGg==",
        "dependencies": {
          "App.Metrics.Core": "4.3.0",
          "protobuf-net": "2.4.0"
        }
      },
      "Azure.Core": {
        "type": "Transitive",
        "resolved": "1.36.0",
        "contentHash": "vwqFZdHS4dzPlI7FFRkPx9ctA+aGGeRev3gnzG8lntWvKMmBhAmulABi1O9CEvS3/jzYt7yA+0pqVdxkpAd7dQ==",
        "dependencies": {
          "Microsoft.Bcl.AsyncInterfaces": "1.1.1",
          "System.Diagnostics.DiagnosticSource": "6.0.1",
          "System.Memory.Data": "1.0.2",
          "System.Numerics.Vectors": "4.5.0",
          "System.Text.Encodings.Web": "4.7.2",
          "System.Text.Json": "4.7.2",
          "System.Threading.Tasks.Extensions": "4.5.4"
        }
      },
      "Azure.Storage.Blobs": {
        "type": "Transitive",
        "resolved": "12.19.1",
        "contentHash": "x43hWFJ4sPQ23TD4piCwT+KlQpZT8pNDAzqj6yUCqh+WJ2qcQa17e1gh6ZOeT2QNFQTTDSuR56fm2bIV7i11/w==",
        "dependencies": {
          "Azure.Storage.Common": "12.18.1",
          "System.Text.Json": "4.7.2"
        }
      },
      "Azure.Storage.Common": {
        "type": "Transitive",
        "resolved": "12.18.1",
        "contentHash": "ohCslqP9yDKIn+DVjBEOBuieB1QwsUCz+BwHYNaJ3lcIsTSiI4Evnq81HcKe8CqM8qvdModbipVQKpnxpbdWqA==",
        "dependencies": {
          "Azure.Core": "1.36.0",
          "System.IO.Hashing": "6.0.0"
        }
      },
      "DotNetty.Buffers": {
        "type": "Transitive",
        "resolved": "0.7.6",
        "contentHash": "JVYypDugRG4m3hbS0drCC79vX93zqjn5w+U4ti/KXjTIzcQ/UVHrCgs7ZgJfWRUQLfgfQB0daYQtE18lKD8pHg==",
        "dependencies": {
          "DotNetty.Common": "0.7.6",
          "System.Runtime.CompilerServices.Unsafe": "5.0.0"
        }
      },
      "DotNetty.Codecs": {
        "type": "Transitive",
        "resolved": "0.7.6",
        "contentHash": "XBZy/m3+V8PBUHHHbFKaRBE0+knTCitcE8oKCQn4jZybH25mCZ1vTwj3BRuPYdNpzh74Op32Hj4ZXF+DMx/oAg==",
        "dependencies": {
          "DotNetty.Buffers": "0.7.6",
          "DotNetty.Common": "0.7.6",
          "DotNetty.Transport": "0.7.6",
          "System.Collections.Immutable": "1.5.0"
        }
      },
      "DotNetty.Codecs.Mqtt": {
        "type": "Transitive",
        "resolved": "0.7.6",
        "contentHash": "jVynN2g/HXPlaT+zZwdJENaB0Aw28iV7ZvttAXy0i1ST7MB3olKxTTy5tq2QuI4z4wFzMHx/+15znq06AcyIAw==",
        "dependencies": {
          "DotNetty.Buffers": "0.7.6",
          "DotNetty.Codecs": "0.7.6",
          "DotNetty.Common": "0.7.6",
          "DotNetty.Transport": "0.7.6"
        }
      },
      "DotNetty.Common": {
        "type": "Transitive",
        "resolved": "0.7.6",
        "contentHash": "dmK8Njfh2Y4qnz99lLK0evoc46FPL5WOnHMLlavNZ6zqC5/bKgqGsJFoXbhVPkSYDp58g2euI64dhY0cvOUOZQ==",
        "dependencies": {
          "Microsoft.Extensions.Logging": "5.0.0",
          "System.Runtime.CompilerServices.Unsafe": "5.0.0"
        }
      },
      "DotNetty.Handlers": {
        "type": "Transitive",
        "resolved": "0.7.6",
        "contentHash": "6sSMp0Md8DbpyOAV9IjiR30uzaLrxAbJTcwFFpMJM1+EJhvPz6Ywt0RqoV6+lseq6zqBjMq2jbPTKcqPoqNYIA==",
        "dependencies": {
          "DotNetty.Buffers": "0.7.6",
          "DotNetty.Codecs": "0.7.6",
          "DotNetty.Common": "0.7.6",
          "DotNetty.Transport": "0.7.6"
        }
      },
      "DotNetty.Transport": {
        "type": "Transitive",
        "resolved": "0.7.6",
        "contentHash": "EVQ5FihFPdWmw7v6l/4iyMepj49vZT11kWQNJ0ApC4KzkdJJ6LM/7NDUgghyxbO0e25nfQRtkGLP5EZAEo7QDA==",
        "dependencies": {
          "DotNetty.Buffers": "0.7.6",
          "DotNetty.Common": "0.7.6"
        }
      },
      "Microsoft.Azure.Amqp": {
        "type": "Transitive",
        "resolved": "2.5.12",
        "contentHash": "0SlEl+TSQdpjXWf9/37dXWAa0zk6R1EJKmGtGZeKUAH7WEQpJOWMxJ9I43igcBCnTkFwa28CdPnpSCjFZVQlkw=="
      },
      "Microsoft.Azure.Devices.Shared": {
        "type": "Transitive",
        "resolved": "1.27.2",
        "contentHash": "nE6JbS1nEwOJmjVLRzOe0Fj757hQDJKmzchDkSSuiIegmmTeYuM5jhz8T3prQBiwEpmN55ScJBiAyRtWdGf1bw==",
        "dependencies": {
          "Microsoft.CSharp": "4.7.0",
          "Newtonsoft.Json": "12.0.3"
        }
      },
      "Microsoft.Bcl.AsyncInterfaces": {
        "type": "Transitive",
        "resolved": "1.1.1",
        "contentHash": "yuvf07qFWFqtK3P/MRkEKLhn5r2UbSpVueRziSqj0yJQIKFwG1pq9mOayK3zE5qZCTs0CbrwL9M6R8VwqyGy2w=="
      },
      "Microsoft.CSharp": {
        "type": "Transitive",
        "resolved": "4.7.0",
        "contentHash": "pTj+D3uJWyN3My70i2Hqo+OXixq3Os2D1nJ2x92FFo6sk8fYS1m1WLNTs0Dc1uPaViH0YvEEwvzddQ7y4rhXmA=="
      },
      "Microsoft.Extensions.DependencyInjection": {
        "type": "Transitive",
        "resolved": "10.0.5",
        "contentHash": "v1SVsowG6YE1YnHVGmLWz57YTRCQRx9pH5ebIESXfm5isI9gA3QaMyg/oMTzPpXYZwSAVDzYItGJKfmV+pqXkQ==",
        "dependencies": {
          "Microsoft.Extensions.DependencyInjection.Abstractions": "10.0.5"
        }
      },
      "Microsoft.Extensions.DependencyInjection.Abstractions": {
        "type": "Transitive",
        "resolved": "10.0.5",
        "contentHash": "iVMtq9eRvzyhx8949EGT0OCYJfXi737SbRVzWXE5GrOgGj5AaZ9eUuxA/BSUfmOMALKn/g8KfFaNQw0eiB3lyA=="
      },
      "Microsoft.Extensions.FileProviders.Abstractions": {
        "type": "Transitive",
        "resolved": "10.0.5",
        "contentHash": "nCBmCx0Xemlu65ZiWMcXbvfvtznKxf4/YYKF9R28QkqdI9lTikedGqzJ28/xmdGGsxUnsP5/3TQGpiPwVjK0dA==",
        "dependencies": {
          "Microsoft.Extensions.Primitives": "10.0.5"
        }
      },
      "Microsoft.Extensions.FileProviders.Physical": {
        "type": "Transitive",
        "resolved": "10.0.5",
        "contentHash": "dMu5kUPSfol1Rqhmr6nWPSmbFjDe9w6bkoKithG17bWTZA0UyKirTatM5mqYUN3mGpNA0MorlusIoVTh6J7o5g==",
        "dependencies": {
          "Microsoft.Extensions.FileProviders.Abstractions": "10.0.5",
          "Microsoft.Extensions.FileSystemGlobbing": "10.0.5",
          "Microsoft.Extensions.Primitives": "10.0.5"
        }
      },
      "Microsoft.Extensions.FileSystemGlobbing": {
        "type": "Transitive",
        "resolved": "10.0.5",
        "contentHash": "mOE3ARusNQR0a5x8YOcnUbfyyXGqoAWQtEc7qFOfNJgruDWQLo39Re+3/Lzj5pLPFuFYj8hN4dgKzaSQDKiOCw=="
      },
      "Microsoft.Extensions.Http": {
        "type": "Transitive",
        "resolved": "3.1.0",
        "contentHash": "DLigdcV0nYaT6/ly0rnfP80BnXq8NNd/h8/SkfY39uio7Bd9LauVntp6RcRh1Kj23N+uf80GgL7Win6P3BCtoQ==",
        "dependencies": {
          "Microsoft.Extensions.DependencyInjection.Abstractions": "3.1.0",
          "Microsoft.Extensions.Logging": "3.1.0",
          "Microsoft.Extensions.Options": "3.1.0"
        }
      },
      "Microsoft.Extensions.Logging": {
        "type": "Transitive",
        "resolved": "10.0.5",
        "contentHash": "+XTMKQyDWg4ODoNHU/BN3BaI1jhGO7VCS+BnzT/4IauiG6y2iPAte7MyD7rHKS+hNP0TkFkjrae8DFjDUxtcxg==",
        "dependencies": {
          "Microsoft.Extensions.DependencyInjection": "10.0.5",
          "Microsoft.Extensions.Logging.Abstractions": "10.0.5",
          "Microsoft.Extensions.Options": "10.0.5"
        }
      },
      "Microsoft.Extensions.Logging.Abstractions": {
        "type": "Transitive",
        "resolved": "10.0.5",
        "contentHash": "9HOdqlDtPptVcmKAjsQ/Nr5Rxfq6FMYLdhvZh1lVmeKR738qeYecQD7+ldooXf+u2KzzR1kafSphWngIM3C6ug==",
        "dependencies": {
          "Microsoft.Extensions.DependencyInjection.Abstractions": "10.0.5",
          "System.Diagnostics.DiagnosticSource": "10.0.5"
        }
      },
      "Microsoft.Extensions.ObjectPool": {
        "type": "Transitive",
        "resolved": "7.0.0",
        "contentHash": "udvKco0sAVgYGTBnHUb0tY9JQzJ/nPDiv/8PIyz69wl1AibeCDZOLVVI+6156dPfHmJH7ws5oUJRiW4ZmAvuuA=="
      },
      "Microsoft.Extensions.Options": {
        "type": "Transitive",
        "resolved": "10.0.5",
        "contentHash": "MDaQMdUplw0AIRhWWmbLA7yQEXaLIHb+9CTroTiNS8OlI0LMXS4LCxtopqauiqGCWlRgJ+xyraVD8t6veRAFbw==",
        "dependencies": {
          "Microsoft.Extensions.DependencyInjection.Abstractions": "10.0.5",
          "Microsoft.Extensions.Primitives": "10.0.5"
        }
      },
      "Microsoft.Extensions.Primitives": {
        "type": "Transitive",
        "resolved": "10.0.5",
        "contentHash": "/HUHJ0tw/LQvD0DZrz50eQy/3z7PfX7WWEaXnjKTV9/TNdcgFlNTZGo49QhS7PTmhDqMyHRMqAXSBxLh0vso4g=="
      },
      "Microsoft.NETCore.Platforms": {
        "type": "Transitive",
        "resolved": "2.1.0",
        "contentHash": "ok+RPAtESz/9MUXeIEz6Lv5XAGQsaNmEYXMsgVALj4D7kqC8gveKWXWXbufLySR2fWrwZf8smyN5RmHu0e4BHA=="
      },
      "Microsoft.NETCore.Targets": {
        "type": "Transitive",
        "resolved": "1.1.3",
        "contentHash": "3Wrmi0kJDzClwAC+iBdUBpEKmEle8FQNsCs77fkiOIw/9oYA07bL1EZNX0kQ2OMN3xpwvl0vAtOCYY3ndDNlhQ=="
      },
      "Microsoft.Win32.Registry": {
        "type": "Transitive",
        "resolved": "4.5.0",
        "contentHash": "+FWlwd//+Tt56316p00hVePBCouXyEzT86Jb3+AuRotTND0IYn0OO3obs1gnQEs/txEnt+rF2JBGLItTG+Be6A==",
        "dependencies": {
          "System.Security.AccessControl": "4.5.0",
          "System.Security.Principal.Windows": "4.5.0"
        }
      },
      "Newtonsoft.Json": {
        "type": "Transitive",
        "resolved": "13.0.4",
        "contentHash": "pdgNNMai3zv51W5aq268sujXUyx7SNdE2bj1wZcWjAQrKMFZV260lbqYop1d2GM67JI1huLRwxo9ZqnfF/lC6A=="
      },
      "Nito.AsyncEx": {
        "type": "Transitive",
        "resolved": "5.1.2",
        "contentHash": "hq+N63M/2znx2z1VzvPDHNg+HIWKdIloEZre+P7E0O+2iRf1Q4HBOgeiJU6SzFD/fWoyKyKSSSrekk4RgiXaeQ==",
        "dependencies": {
          "Nito.AsyncEx.Context": "5.1.2",
          "Nito.AsyncEx.Coordination": "5.1.2",
          "Nito.AsyncEx.Interop.WaitHandles": "5.1.2",
          "Nito.AsyncEx.Oop": "5.1.2",
          "Nito.AsyncEx.Tasks": "5.1.2",
          "Nito.Cancellation": "1.1.2"
        }
      },
      "Nito.AsyncEx.Context": {
        "type": "Transitive",
        "resolved": "5.1.2",
        "contentHash": "rMwL7Nj3oNyvFu/jxUzQ/YBobEkM2RQHe+5mpCDRyq6mfD7vCj7Z3rjB6XgpM6Mqcx1CA2xGv0ascU/2Xk8IIg==",
        "dependencies": {
          "Nito.AsyncEx.Tasks": "5.1.2"
        }
      },
      "Nito.AsyncEx.Coordination": {
        "type": "Transitive",
        "resolved": "5.1.2",
        "contentHash": "QMyUfsaxov//0ZMbOHWr9hJaBFteZd66DV1ay4J5wRODDb8+K/uHC7+3VsOflo6SVw/29mu8OWZp8vMDSuzc0w==",
        "dependencies": {
          "Nito.AsyncEx.Tasks": "5.1.2",
          "Nito.Collections.Deque": "1.1.1"
        }
      },
      "Nito.AsyncEx.Interop.WaitHandles": {
        "type": "Transitive",
        "resolved": "5.1.2",
        "contentHash": "qym29lFBCSIacKvFcJDW+beXzuO+6y9lWdd1KecxzzAqtNuvlYgNPwIsxwdhEINLhTT4aDuCM3JalpUZYWI51Q==",
        "dependencies": {
          "Nito.AsyncEx.Tasks": "5.1.2"
        }
      },
      "Nito.AsyncEx.Oop": {
        "type": "Transitive",
        "resolved": "5.1.2",
        "contentHash": "MxQl/NFoPgMApyjbB2fSZBrjdf9r6ODd/BTrWLyJKYX6UeNfw0Ocr0cPiTg2LRN0Ayud8Gj4dh67AdasNn709Q==",
        "dependencies": {
          "Nito.AsyncEx.Coordination": "5.1.2"
        }
      },
      "Nito.AsyncEx.Tasks": {
        "type": "Transitive",
        "resolved": "5.1.2",
        "contentHash": "jEkCfR2/M26OK/U4G7SEN063EU/F4LiVA06TtpZILMdX/quIHCg+wn31Zerl2LC+u1cyFancjTY3cNAr2/89PA==",
        "dependencies": {
          "Nito.Disposables": "2.2.1"
        }
      },
      "Nito.Cancellation": {
        "type": "Transitive",
        "resolved": "1.1.2",
        "contentHash": "Z+SZKp0KxMC6tEVbXe8ah4pBJadyqP0pObQMaZcBavhIDEIsGuxt7PL+B9AiNJD3Ni5VgnZsnii5HPJgVDE81w==",
        "dependencies": {
          "Nito.Disposables": "2.2.1"
        }
      },
      "Nito.Collections.Deque": {
        "type": "Transitive",
        "resolved": "1.1.1",
        "contentHash": "CU0/Iuv5VDynK8I8pDLwkgF0rZhbQoZahtodfL0M3x2gFkpBRApKs8RyMyNlAi1mwExE4gsmqQXk4aFVvW9a4Q=="
      },
      "Nito.Disposables": {
        "type": "Transitive",
        "resolved": "2.2.1",
        "contentHash": "6sZ5uynQeAE9dPWBQGKebNmxbY4xsvcc5VplB5WkYEESUS7oy4AwnFp0FhqxTSKm/PaFrFqLrYr696CYN8cugg==",
        "dependencies": {
          "System.Collections.Immutable": "1.7.1"
        }
      },
      "prometheus-net": {
        "type": "Transitive",
        "resolved": "8.2.1",
        "contentHash": "3wVgdEPOCBF752s2xps5T+VH+c9mJK8S8GKEDg49084P6JZMumTZI5Te6aJ9MQpX0sx7om6JOnBpIi7ZBmmiDQ==",
        "dependencies": {
          "Microsoft.Extensions.Http": "3.1.0",
          "Microsoft.Extensions.ObjectPool": "7.0.0"
        }
      },
      "protobuf-net": {
        "type": "Transitive",
        "resolved": "2.4.0",
        "contentHash": "j37MD1p1s9NdX8P5+IaY2J9p2382xiL1VP3mxYu0g+G/kf2YM2grFa1jJPO+0WDJNl1XhNPO0Q5yBEcbX77hBQ==",
        "dependencies": {
          "System.ServiceModel.Primitives": "4.5.3"
        }
      },
      "Serilog": {
        "type": "Transitive",
        "resolved": "4.2.0",
        "contentHash": "gmoWVOvKgbME8TYR+gwMf7osROiWAURterc6Rt2dQyX7wtjZYpqFiA/pY6ztjGQKKV62GGCyOcmtP1UKMHgSmA=="
      },
      "Serilog.Extensions.Logging": {
        "type": "Transitive",
        "resolved": "10.0.0",
        "contentHash": "vx0kABKl2dWbBhhqAfTOk53/i8aV/5VaT3a6il9gn72Wqs2pM7EK2OB6No6xdqK2IaY6Zf9gdjLuK9BVa2rT+Q==",
        "dependencies": {
          "Microsoft.Extensions.Logging": "10.0.0",
          "Serilog": "4.2.0"
        }
      },
      "Serilog.Sinks.Console": {
        "type": "Transitive",
        "resolved": "6.1.1",
        "contentHash": "8jbqgjUyZlfCuSTaJk6lOca465OndqOz3KZP6Cryt/IqZYybyBu7GP0fE/AXBzrrQB3EBmQntBFAvMVz1COvAA==",
        "dependencies": {
          "Serilog": "4.0.0"
        }
      },
      "System.Collections.Immutable": {
        "type": "Transitive",
        "resolved": "1.7.1",
        "contentHash": "B43Zsz5EfMwyEbnObwRxW5u85fzJma3lrDeGcSAV1qkhSRTNY5uXAByTn9h9ddNdhM+4/YoLc/CI43umjwIl9Q=="
      },
      "System.Configuration.ConfigurationManager": {
        "type": "Transitive",
        "resolved": "4.4.1",
        "contentHash": "jz3TWKMAeuDEyrPCK5Jyt4bzQcmzUIMcY9Ud6PkElFxTfnsihV+9N/UCqvxe1z5gc7jMYAnj7V1COMS9QKIuHQ==",
        "dependencies": {
          "System.Security.Cryptography.ProtectedData": "4.4.0"
        }
      },
      "System.Diagnostics.DiagnosticSource": {
        "type": "Transitive",
        "resolved": "10.0.5",
        "contentHash": "CCbzHQ26L3jskdwHh+4bxxW84lUMIrAAmeSlpO69AlrQV0DKbj1/I+feLaLSuZeqXPr9UlSy0OcgZoXOk2a6/g=="
      },
      "System.IO": {
        "type": "Transitive",
        "resolved": "4.3.0",
        "contentHash": "3qjaHvxQPDpSOYICjUoTsmoq5u6QJAFRUITgeT/4gqkF1bajbSmb1kwSxEA8AHlofqgcKJcM8udgieRNhaJ5Cg==",
        "dependencies": {
          "Microsoft.NETCore.Platforms": "1.1.0",
          "Microsoft.NETCore.Targets": "1.1.0",
          "System.Runtime": "4.3.0",
          "System.Text.Encoding": "4.3.0",
          "System.Threading.Tasks": "4.3.0"
        }
      },
      "System.IO.Hashing": {
        "type": "Transitive",
        "resolved": "6.0.0",
        "contentHash": "Rfm2jYCaUeGysFEZjDe7j1R4x6Z6BzumS/vUT5a1AA/AWJuGX71PoGB0RmpyX3VmrGqVnAwtfMn39OHR8Y/5+g=="
      },
      "System.IO.Pipelines": {
        "type": "Transitive",
        "resolved": "10.0.5",
        "contentHash": "8/ZHN/j2y1t+7McdCf1wXku2/c7wtrGLz3WQabIoPuLAn3bHDWT6YOJYreJq8sCMPSo6c8iVYXUdLlFGX5PEqw=="
      },
      "System.Memory.Data": {
        "type": "Transitive",
        "resolved": "1.0.2",
        "contentHash": "JGkzeqgBsiZwKJZ1IxPNsDFZDhUvuEdX8L8BDC8N3KOj+6zMcNU28CNN59TpZE/VJYy9cP+5M+sbxtWJx3/xtw==",
        "dependencies": {
          "System.Text.Encodings.Web": "4.7.2",
          "System.Text.Json": "4.6.0"
        }
      },
      "System.Numerics.Vectors": {
        "type": "Transitive",
        "resolved": "4.5.0",
        "contentHash": "QQTlPTl06J/iiDbJCiepZ4H//BVraReU4O4EoRw1U02H5TLUIT7xn3GnDp9AXPSlJUDyFs4uWjWafNX6WrAojQ=="
      },
      "System.Private.ServiceModel": {
        "type": "Transitive",
        "resolved": "4.5.3",
        "contentHash": "ancrQgJagx+yC4SZbuE+eShiEAUIF0E1d21TRSoy1C/rTwafAVcBr/fKibkq5TQzyy9uNil2tx2/iaUxsy0S9g==",
        "dependencies": {
          "Microsoft.NETCore.Platforms": "2.1.0",
          "System.Reflection.DispatchProxy": "4.5.0",
          "System.Security.Principal.Windows": "4.5.0"
        }
      },
      "System.Reflection": {
        "type": "Transitive",
        "resolved": "4.3.0",
        "contentHash": "KMiAFoW7MfJGa9nDFNcfu+FpEdiHpWgTcS2HdMpDvt9saK3y/G4GwprPyzqjFH9NTaGPQeWNHU+iDlDILj96aQ==",
        "dependencies": {
          "Microsoft.NETCore.Platforms": "1.1.0",
          "Microsoft.NETCore.Targets": "1.1.0",
          "System.IO": "4.3.0",
          "System.Reflection.Primitives": "4.3.0",
          "System.Runtime": "4.3.0"
        }
      },
      "System.Reflection.DispatchProxy": {
        "type": "Transitive",
        "resolved": "4.5.0",
        "contentHash": "+UW1hq11TNSeb+16rIk8hRQ02o339NFyzMc4ma/FqmxBzM30l1c2IherBB4ld1MNcenS48fz8tbt50OW4rVULA=="
      },
      "System.Reflection.Primitives": {
        "type": "Transitive",
        "resolved": "4.3.0",
        "contentHash": "5RXItQz5As4xN2/YUDxdpsEkMhvw3e6aNveFXUn4Hl/udNTCNhnKp8lT9fnc3MhvGKh1baak5CovpuQUXHAlIA==",
        "dependencies": {
          "Microsoft.NETCore.Platforms": "1.1.0",
          "Microsoft.NETCore.Targets": "1.1.0",
          "System.Runtime": "4.3.0"
        }
      },
      "System.Runtime": {
        "type": "Transitive",
        "resolved": "4.3.1",
        "contentHash": "abhfv1dTK6NXOmu4bgHIONxHyEqFjW8HwXPmpY9gmll+ix9UNo4XDcmzJn6oLooftxNssVHdJC1pGT9jkSynQg==",
        "dependencies": {
          "Microsoft.NETCore.Platforms": "1.1.1",
          "Microsoft.NETCore.Targets": "1.1.3"
        }
      },
      "System.Runtime.CompilerServices.Unsafe": {
        "type": "Transitive",
        "resolved": "5.0.0",
        "contentHash": "ZD9TMpsmYJLrxbbmdvhwt9YEgG5WntEnZ/d1eH8JBX9LBp+Ju8BSBhUGbZMNVHHomWo2KVImJhTDl2hIgw/6MA=="
      },
      "System.Security.AccessControl": {
        "type": "Transitive",
        "resolved": "4.5.0",
        "contentHash": "vW8Eoq0TMyz5vAG/6ce483x/CP83fgm4SJe5P8Tb1tZaobcvPrbMEL7rhH1DRdrYbbb6F0vq3OlzmK0Pkwks5A==",
        "dependencies": {
          "Microsoft.NETCore.Platforms": "2.0.0",
          "System.Security.Principal.Windows": "4.5.0"
        }
      },
      "System.Security.Cryptography.ProtectedData": {
        "type": "Transitive",
        "resolved": "4.4.0",
        "contentHash": "cJV7ScGW7EhatRsjehfvvYVBvtiSMKgN8bOVI0bQhnF5bU7vnHVIsH49Kva7i7GWaWYvmEzkYVk1TC+gZYBEog=="
      },
      "System.Security.Principal.Windows": {
        "type": "Transitive",
        "resolved": "4.5.0",
        "contentHash": "U77HfRXlZlOeIXd//Yoj6Jnk8AXlbeisf1oq1os+hxOGVnuG+lGSfGqTwTZBoORFF6j/0q7HXIl8cqwQ9aUGqQ==",
        "dependencies": {
          "Microsoft.NETCore.Platforms": "2.0.0"
        }
      },
      "System.ServiceModel.Primitives": {
        "type": "Transitive",
        "resolved": "4.5.3",
        "contentHash": "Wc9Hgg4Cmqi416zvEgq2sW1YYCGuhwWzspDclJWlFZqY6EGhFUPZU+kVpl5z9kAgrSOQP7/Uiik+PtSQtmq+5A==",
        "dependencies": {
          "System.Private.ServiceModel": "4.5.3"
        }
      },
      "System.Text.Encoding": {
        "type": "Transitive",
        "resolved": "4.3.0",
        "contentHash": "BiIg+KWaSDOITze6jGQynxg64naAPtqGHBwDrLaCtixsa5bKiR8dpPOHA7ge3C0JJQizJE+sfkz1wV+BAKAYZw==",
        "dependencies": {
          "Microsoft.NETCore.Platforms": "1.1.0",
          "Microsoft.NETCore.Targets": "1.1.0",
          "System.Runtime": "4.3.0"
        }
      },
      "System.Text.Encodings.Web": {
        "type": "Transitive",
        "resolved": "10.0.5",
        "contentHash": "opvD/nKTzGKA7GVntZ9L823kN6IxgHQfuxY+VI9gv8VE1Y7CSKoi/QS1EYDQiA63MqtZsD7X6zkISd2ZQJohTQ=="
      },
      "System.Text.Json": {
        "type": "Transitive",
        "resolved": "10.0.5",
        "contentHash": "vW2zhkWziyfhoSXNf42mTWyilw+vfwBGOsODDsHSFtOIY6LCgfRVUyaAilLEL4Kc1fzhaxcep5pS0VWYPSDW0w==",
        "dependencies": {
          "System.IO.Pipelines": "10.0.5",
          "System.Text.Encodings.Web": "10.0.5"
        }
      },
      "System.Text.RegularExpressions": {
        "type": "Transitive",
        "resolved": "4.3.1",
        "contentHash": "N0kNRrWe4+nXOWlpLT4LAY5brb8caNFlUuIRpraCVMDLYutKkol1aV079rQjLuSxKMJT2SpBQsYX9xbcTMmzwg==",
        "dependencies": {
          "System.Runtime": "4.3.1"
        }
      },
      "System.Threading.Tasks": {
        "type": "Transitive",
        "resolved": "4.3.0",
        "contentHash": "LbSxKEdOUhVe8BezB/9uOGGppt+nZf6e1VFyw6v3DN6lqitm0OSn2uXMOdtP0M3W4iMcqcivm2J6UgqiwwnXiA==",
        "dependencies": {
          "Microsoft.NETCore.Platforms": "1.1.0",
          "Microsoft.NETCore.Targets": "1.1.0",
          "System.Runtime": "4.3.0"
        }
      },
      "System.Threading.Tasks.Extensions": {
        "type": "Transitive",
        "resolved": "4.5.4",
        "contentHash": "zteT+G8xuGu6mS+mzDzYXbzS7rd3K6Fjb9RiZlYlJPam2/hU7JCBZBVEcywNuR+oZ1ncTvc/cq0faRr3P01OVg=="
      },
      "System.ValueTuple": {
        "type": "Transitive",
        "resolved": "4.6.2",
        "contentHash": "yQgmjfFximrNm9LIV3mL6T5MzjeC+epeE5rl4hXxAlYmxby7RM1dPSkIKXk9HNkl6G54h2JHOmLD46+Pey+IRg=="
      },
      "es6numberserializer": {
        "type": "Project"
      },
      "jsoncanonicalizer": {
        "type": "Project",
        "dependencies": {
          "es6numberserializer": "[1.0.0, )"
        }
      },
      "microsoft.azure.devices.edge.moduleutil": {
        "type": "Project",
        "dependencies": {
          "Microsoft.Azure.Devices.Client": "[1.36.10, )",
          "Microsoft.Azure.Devices.Edge.Util": "[1.0.0, )"
        }
      },
      "microsoft.azure.devices.edge.util": {
        "type": "Project",
        "dependencies": {
          "App.Metrics.Formatters.Prometheus": "[4.3.0, )",
          "Microsoft.Extensions.Configuration.Binder": "[10.0.5, )",
          "Microsoft.Extensions.Logging": "[10.0.5, )",
          "Newtonsoft.Json": "[13.0.4, )",
          "Nito.AsyncEx": "[5.1.2, )",
          "Serilog.Extensions.Logging": "[10.0.0, )",
          "Serilog.Sinks.Console": "[6.1.1, )",
          "System.Runtime.Loader": "[4.3.0, )",
          "System.Text.RegularExpressions": "[4.3.1, )",
          "System.ValueTuple": "[4.6.2, )",
          "es6numberserializer": "[1.0.0, )",
          "jsoncanonicalizer": "[1.0.0, )",
          "prometheus-net": "[8.2.1, )"
        }
      }
    }
  }
}