{
  "version": 1,
  "dependencies": {
    "net10.0": {
      "Microsoft.Azure.Devices.Client": {
        "type": "Direct",
        "requested": "[2.0.0-rc, )",
        "resolved": "2.0.0-rc",
        "contentHash": "S02wM6scqV/b/AwPmQ9to4HzutKKoS4PYj4buZ4Z0ayWe7D/xqVcpiXrG99BpQcyeU+2fWLWmO4IHflZ0W7ajw==",
        "dependencies": {
          "MQTTnet": "5.1.0.1559",
          "Microsoft.Azure.Amqp": "2.6.2"
        }
      },
      "Newtonsoft.Json": {
        "type": "Direct",
        "requested": "[13.0.4, )",
        "resolved": "13.0.4",
        "contentHash": "pdgNNMai3zv51W5aq268sujXUyx7SNdE2bj1wZcWjAQrKMFZV260lbqYop1d2GM67JI1huLRwxo9ZqnfF/lC6A=="
      },
      "Microsoft.Azure.Amqp": {
        "type": "Transitive",
        "resolved": "2.6.2",
        "contentHash": "6hQqWRiHRd9J6pGBlzQM9LBOWaO8xIsRVYs3olrDGqOkK7v9mgwz9rmrv+49FIbLEOGgkP9IKLnXdsA4Y8IIYw=="
      },
      "MQTTnet": {
        "type": "Transitive",
        "resolved": "5.1.0.1559",
        "contentHash": "9mkk0H+76CToIzp9ru5Uj5BuC3P5hQdkhvXM+CLmmTDdZWqajjICCHuUMbDd1yVBt9BWL77Rvzt0A+/PA4WMCA=="
      }
    }
  }
}